
Microsoft Visual Studio Solution File, Format Version 12.00
# Visual Studio 2012
Project("{2150E333-8FDC-42A3-9474-1A3956D46DE8}") = ".nuget", ".nuget", "{948C7EAA-CF03-48C3-B4AC-3ADFBAA44D14}"
	ProjectSection(SolutionItems) = preProject
		.nuget\NuGet.Config = .nuget\NuGet.Config
		.nuget\nuget.exe = .nuget\nuget.exe
		.nuget\NuGet.targets = .nuget\NuGet.targets
	EndProjectSection
EndProject
Project("{FAE04EC0-301F-11D3-BF4B-00C04F79EFBC}") = "DeltaEngine.Graphics", "Graphics\DeltaEngine.Graphics.csproj", "{8F701B0D-48B6-45CF-85E0-286BD53328BA}"
EndProject
Project("{2150E333-8FDC-42A3-9474-1A3956D46DE8}") = "Graphics", "Graphics", "{7F0A5478-2290-4052-82A4-819339D9E873}"
EndProject
Project("{2150E333-8FDC-42A3-9474-1A3956D46DE8}") = "Platforms", "Platforms", "{A4442410-EF9F-43E5-AD76-5D5A6183C805}"
EndProject
Project("{FAE04EC0-301F-11D3-BF4B-00C04F79EFBC}") = "DeltaEngine.Platforms", "Platforms\DeltaEngine.Platforms.csproj", "{BAE8830E-5F62-48D6-B772-C4B1E8665FB3}"
EndProject
Project("{2150E333-8FDC-42A3-9474-1A3956D46DE8}") = "Datatypes", "Datatypes", "{DC7863D8-3454-4E76-BCF0-04123C7C6378}"
EndProject
Project("{FAE04EC0-301F-11D3-BF4B-00C04F79EFBC}") = "DeltaEngine.Datatypes", "Datatypes\DeltaEngine.Datatypes.csproj", "{460983FF-AA91-4E10-B70E-10D0BDA15A58}"
EndProject
Project("{FAE04EC0-301F-11D3-BF4B-00C04F79EFBC}") = "DeltaEngine.Datatypes.Tests", "Datatypes\Tests\DeltaEngine.Datatypes.Tests.csproj", "{E41AA830-DAED-4206-8AF6-ECEB1BBD66FE}"
EndProject
Project("{FAE04EC0-301F-11D3-BF4B-00C04F79EFBC}") = "DeltaEngine.Graphics.Tests", "Graphics\Tests\DeltaEngine.Graphics.Tests.csproj", "{B7E2C5AF-3EE2-4820-B2AE-62BC8D0FB7AC}"
EndProject
Project("{FAE04EC0-301F-11D3-BF4B-00C04F79EFBC}") = "DeltaEngine.Platforms.Tests", "Platforms\Tests\DeltaEngine.Platforms.Tests.csproj", "{D0AAD622-ED82-40E5-88A9-980EAFC12C16}"
EndProject
Project("{FAE04EC0-301F-11D3-BF4B-00C04F79EFBC}") = "DeltaEngine.WindowsOpenTK", "Platforms\WindowsOpenTK\DeltaEngine.WindowsOpenTK.csproj", "{CC943AE0-A1CC-4788-AC9B-01DB3A0EBCD6}"
EndProject
Project("{2150E333-8FDC-42A3-9474-1A3956D46DE8}") = "Core", "Core", "{F3B040A0-B40A-4A24-B06D-04E8849E0EC0}"
EndProject
Project("{FAE04EC0-301F-11D3-BF4B-00C04F79EFBC}") = "DeltaEngine.Core.Tests", "Core\Tests\DeltaEngine.Core.Tests.csproj", "{8ED0A7F1-77FB-47E7-AB6C-59C711BA3A9A}"
EndProject
Project("{2150E333-8FDC-42A3-9474-1A3956D46DE8}") = "Rendering", "Rendering", "{522A44BD-D0DA-4659-83B8-E9A47990D80D}"
EndProject
Project("{FAE04EC0-301F-11D3-BF4B-00C04F79EFBC}") = "DeltaEngine.Rendering", "Rendering\DeltaEngine.Rendering.csproj", "{BDDB4AA4-5D31-43B3-9A3B-BF3030EDE927}"
EndProject
Project("{FAE04EC0-301F-11D3-BF4B-00C04F79EFBC}") = "DeltaEngine.Rendering.Tests", "Rendering\Tests\DeltaEngine.Rendering.Tests.csproj", "{D24FD291-F379-4AA1-9C0E-D664EBBECBC9}"
EndProject
Project("{FAE04EC0-301F-11D3-BF4B-00C04F79EFBC}") = "DeltaEngine.Graphics.Xna", "Graphics\Xna\DeltaEngine.Graphics.Xna.csproj", "{CC533B9B-FC08-411A-B02D-9BB0E2DD90EC}"
EndProject
Project("{FAE04EC0-301F-11D3-BF4B-00C04F79EFBC}") = "DeltaEngine.Graphics.SharpDX", "Graphics\SharpDX\DeltaEngine.Graphics.SharpDX.csproj", "{9066595C-9E66-4631-A53A-28C2D22CFE53}"
EndProject
Project("{FAE04EC0-301F-11D3-BF4B-00C04F79EFBC}") = "DeltaEngine.Core", "Core\DeltaEngine.Core.csproj", "{A8D386EA-D376-46EA-A721-2BA51426A721}"
EndProject
Project("{FAE04EC0-301F-11D3-BF4B-00C04F79EFBC}") = "DeltaEngine.WindowsXna", "Platforms\WindowsXna\DeltaEngine.WindowsXna.csproj", "{07E9D341-4B22-48FE-B921-5D18D3AB2C49}"
EndProject
Project("{FAE04EC0-301F-11D3-BF4B-00C04F79EFBC}") = "DeltaEngine.WindowsSharpDX", "Platforms\WindowsSharpDX\DeltaEngine.WindowsSharpDX.csproj", "{05569371-855C-4667-8228-20491337C431}"
EndProject
Project("{FAE04EC0-301F-11D3-BF4B-00C04F79EFBC}") = "DeltaEngine.Platforms.Windows", "Platforms\Windows\DeltaEngine.Platforms.Windows.csproj", "{BD8A80E2-A313-437E-B0EF-FC0B066280A7}"
EndProject
Project("{2150E333-8FDC-42A3-9474-1A3956D46DE8}") = "Input", "Input", "{E8E89906-EEF8-4767-9C53-1C5B3E40AE2E}"
EndProject
Project("{FAE04EC0-301F-11D3-BF4B-00C04F79EFBC}") = "DeltaEngine.Input", "Input\DeltaEngine.Input.csproj", "{CC65E69E-FAFD-4C2B-85EB-5E57FD3AF847}"
EndProject
Project("{FAE04EC0-301F-11D3-BF4B-00C04F79EFBC}") = "DeltaEngine.Input.Tests", "Input\Tests\DeltaEngine.Input.Tests.csproj", "{92242E5E-5077-48B8-8D8B-AE7108C46FF9}"
EndProject
Project("{FAE04EC0-301F-11D3-BF4B-00C04F79EFBC}") = "DeltaEngine.Input.Windows", "Input\Windows\DeltaEngine.Input.Windows.csproj", "{C0D2430E-714D-476C-80E7-5C80A7FA68EE}"
EndProject
Project("{FAE04EC0-301F-11D3-BF4B-00C04F79EFBC}") = "DeltaEngine.Input.SharpDX", "Input\SharpDX\DeltaEngine.Input.SharpDX.csproj", "{9F4E86DD-9FDD-4C6B-8B28-19ED35C1D768}"
EndProject
Project("{FAE04EC0-301F-11D3-BF4B-00C04F79EFBC}") = "DeltaEngine.Input.Xna", "Input\Xna\DeltaEngine.Input.Xna.csproj", "{5D28C1B5-43AD-4E69-840D-B068C3844589}"
EndProject
Project("{2150E333-8FDC-42A3-9474-1A3956D46DE8}") = "Multimedia", "Multimedia", "{5C35E17F-C8B5-42E2-AFDB-115F251E96F7}"
EndProject
Project("{FAE04EC0-301F-11D3-BF4B-00C04F79EFBC}") = "DeltaEngine.Multimedia", "Multimedia\DeltaEngine.Multimedia.csproj", "{6016ABB8-05F5-4A07-8FBA-16576277DDE7}"
EndProject
Project("{FAE04EC0-301F-11D3-BF4B-00C04F79EFBC}") = "DeltaEngine.Multimedia.Tests", "Multimedia\Tests\DeltaEngine.Multimedia.Tests.csproj", "{D0C8456F-A4AC-4B6E-92AB-F71B0D19B01C}"
EndProject
Project("{FAE04EC0-301F-11D3-BF4B-00C04F79EFBC}") = "DeltaEngine.Multimedia.Xna", "Multimedia\Xna\DeltaEngine.Multimedia.Xna.csproj", "{70773E53-5D8E-4218-8AFA-0A07E48FD4A2}"
EndProject
Project("{FAE04EC0-301F-11D3-BF4B-00C04F79EFBC}") = "DeltaEngine.Multimedia.SharpDX", "Multimedia\SharpDX\DeltaEngine.Multimedia.SharpDX.csproj", "{7D6C8627-CF35-4E3F-A3FE-1600327437C7}"
EndProject
Project("{FAE04EC0-301F-11D3-BF4B-00C04F79EFBC}") = "DeltaEngine.Core.Xml", "Core\Xml\DeltaEngine.Core.Xml.csproj", "{138A40B5-3D80-4BA3-BD84-D82C151EE7FE}"
EndProject
Project("{FAE04EC0-301F-11D3-BF4B-00C04F79EFBC}") = "DeltaEngine.Core.Xml.Tests", "Core\Xml\Tests\DeltaEngine.Core.Xml.Tests.csproj", "{B528E84A-12F3-4981-B749-B3FE19937345}"
EndProject
Project("{FAE04EC0-301F-11D3-BF4B-00C04F79EFBC}") = "DeltaEngine.Networking", "Networking\DeltaEngine.Networking.csproj", "{5231706E-2955-43BF-9C06-291E12AF5C5C}"
EndProject
Project("{FAE04EC0-301F-11D3-BF4B-00C04F79EFBC}") = "DeltaEngine.Networking.Tests", "Networking\Tests\DeltaEngine.Networking.Tests.csproj", "{7C7FA004-D9FB-4B55-9E88-6FB8716B7A1F}"
EndProject
Project("{FAE04EC0-301F-11D3-BF4B-00C04F79EFBC}") = "DeltaEngine.Networking.Sockets", "Networking\Sockets\DeltaEngine.Networking.Sockets.csproj", "{9E085AB9-B4DE-4815-BD90-D975C75DFE94}"
EndProject
Project("{FAE04EC0-301F-11D3-BF4B-00C04F79EFBC}") = "DeltaEngine.Networking.Sockets.Tests", "Networking\Sockets\Tests\DeltaEngine.Networking.Sockets.Tests.csproj", "{DBA0B46A-C6C3-4BA7-A0D1-10F07ACF6259}"
EndProject
Project("{2150E333-8FDC-42A3-9474-1A3956D46DE8}") = "Logging", "Logging", "{3F2D0366-A730-4E6D-9554-B6828692ED3B}"
EndProject
Project("{FAE04EC0-301F-11D3-BF4B-00C04F79EFBC}") = "DeltaEngine.Logging", "Logging\DeltaEngine.Logging.csproj", "{E4440567-3D5D-4670-AB49-8163B18E302E}"
EndProject
Project("{FAE04EC0-301F-11D3-BF4B-00C04F79EFBC}") = "DeltaEngine.Logging.Tests", "Logging\Tests\DeltaEngine.Logging.Tests.csproj", "{981FA2AC-78DC-4597-A2B3-63AE8502FDB2}"
EndProject
Project("{FAE04EC0-301F-11D3-BF4B-00C04F79EFBC}") = "DeltaEngine.Logging.Basic", "Logging\Basic\DeltaEngine.Logging.Basic.csproj", "{03C2EB6A-826D-4D24-BE10-244B20CCD1D8}"
EndProject
Project("{FAE04EC0-301F-11D3-BF4B-00C04F79EFBC}") = "DeltaEngine.Logging.Basic.Tests", "Logging\Basic\Tests\DeltaEngine.Logging.Basic.Tests.csproj", "{8FC2D043-C46F-4835-880E-6190140F0D43}"
EndProject
Project("{FAE04EC0-301F-11D3-BF4B-00C04F79EFBC}") = "DeltaEngine.Graphics.OpenTK", "Graphics\OpenTK\DeltaEngine.Graphics.OpenTK.csproj", "{EB455ABA-14F1-4145-86C1-0CA2BBCF157F}"
EndProject
Project("{FAE04EC0-301F-11D3-BF4B-00C04F79EFBC}") = "DeltaEngine.Input.Xna.Tests", "Input\Xna\Tests\DeltaEngine.Input.Xna.Tests.csproj", "{1CF6EC3F-26C6-45E8-A3D1-8804C298BBCD}"
EndProject
Project("{FAE04EC0-301F-11D3-BF4B-00C04F79EFBC}") = "DeltaEngine.Input.SharpDX.Tests", "Input\SharpDX\Tests\DeltaEngine.Input.SharpDX.Tests.csproj", "{B81DEDE2-E786-437E-A3AF-82AEBE0D6D25}"
EndProject
Project("{FAE04EC0-301F-11D3-BF4B-00C04F79EFBC}") = "DeltaEngine.Input.Windows.Tests", "Input\Windows\Tests\DeltaEngine.Input.Windows.Tests.csproj", "{C3675561-87CA-4BE1-BAD0-852308ADD851}"
EndProject
Project("{2150E333-8FDC-42A3-9474-1A3956D46DE8}") = "Networking", "Networking", "{35D4ACC8-B908-4032-8B79-C19F62F601F0}"
EndProject
Project("{FAE04EC0-301F-11D3-BF4B-00C04F79EFBC}") = "DeltaEngine.Multimedia.OpenTK", "Multimedia\OpenTK\DeltaEngine.Multimedia.OpenTK.csproj", "{32665D04-5A07-4F99-9E20-0639CD1C1D6D}"
EndProject
Project("{FAE04EC0-301F-11D3-BF4B-00C04F79EFBC}") = "DeltaEngine.Scenes", "Scenes\DeltaEngine.Scenes.csproj", "{75BB4C75-DE36-47B3-9910-10EA8E8973B7}"
EndProject
Project("{2150E333-8FDC-42A3-9474-1A3956D46DE8}") = "Scenes", "Scenes", "{80E5EB40-4CC6-4E31-9A93-02477509B8ED}"
EndProject
Project("{FAE04EC0-301F-11D3-BF4B-00C04F79EFBC}") = "DeltaEngine.Scenes.Tests", "Scenes\Tests\DeltaEngine.Scenes.Tests.csproj", "{E9A37628-13C4-467D-A802-D517A89920C3}"
EndProject
Project("{FAE04EC0-301F-11D3-BF4B-00C04F79EFBC}") = "DeltaEngine.Graphics.SlimDX", "Graphics\SlimDX\DeltaEngine.Graphics.SlimDX.csproj", "{82B25FA6-7215-4FE3-8F8C-94DFC5F9BDB8}"
EndProject
Project("{FAE04EC0-301F-11D3-BF4B-00C04F79EFBC}") = "DeltaEngine.WindowsSlimDX", "Platforms\WindowsSlimDX\DeltaEngine.WindowsSlimDX.csproj", "{C12EBE75-67B5-4257-8A6E-C844601746E8}"
EndProject
Project("{2150E333-8FDC-42A3-9474-1A3956D46DE8}") = "Entities", "Entities", "{30A1873C-7103-43A2-AB0C-BB23BB4C2B08}"
EndProject
Project("{FAE04EC0-301F-11D3-BF4B-00C04F79EFBC}") = "DeltaEngine.Entities", "Entities\DeltaEngine.Entities.csproj", "{C6BA144D-59B0-41B1-8682-B092B4EFBBB1}"
EndProject
Project("{FAE04EC0-301F-11D3-BF4B-00C04F79EFBC}") = "DeltaEngine.Entities.Tests", "Entities\Tests\DeltaEngine.Entities.Tests.csproj", "{7ADF6A63-7DCC-442E-A8D0-D1443DD4A2D6}"
EndProject
Project("{2150E333-8FDC-42A3-9474-1A3956D46DE8}") = "Content", "Content", "{B6E5FA2C-FFA5-4497-9CAF-773139821781}"
EndProject
Project("{FAE04EC0-301F-11D3-BF4B-00C04F79EFBC}") = "DeltaEngine.Content", "Content\DeltaEngine.Content.csproj", "{F1B6345B-6F28-482F-9230-8F1D8674C28A}"
EndProject
Project("{FAE04EC0-301F-11D3-BF4B-00C04F79EFBC}") = "DeltaEngine.Content.Tests", "Content\Tests\DeltaEngine.Content.Tests.csproj", "{971708DB-8D7B-4E44-A3FD-EC8372DD502F}"
EndProject
Project("{FAE04EC0-301F-11D3-BF4B-00C04F79EFBC}") = "DeltaEngine.Content.Online", "Content\Online\DeltaEngine.Content.Online.csproj", "{68AA6280-09EF-4325-B5F8-B8A967004144}"
EndProject
Project("{FAE04EC0-301F-11D3-BF4B-00C04F79EFBC}") = "DeltaEngine.Platforms.All", "Platforms\All\DeltaEngine.Platforms.All.csproj", "{CC714F92-36AA-44E1-AA01-495D9A6588D2}"
EndProject
Project("{FAE04EC0-301F-11D3-BF4B-00C04F79EFBC}") = "DeltaEngine.Multimedia.AviVideo", "Multimedia\AviVideo\DeltaEngine.Multimedia.AviVideo.csproj", "{27487228-2ADB-447B-95D3-6F6053999281}"
EndProject
Project("{FAE04EC0-301F-11D3-BF4B-00C04F79EFBC}") = "DeltaEngine.Content.Disk", "Content\Disk\DeltaEngine.Content.Disk.csproj", "{3B3B8BE3-A213-4383-BA7B-1AFE5F779108}"
EndProject
Project("{FAE04EC0-301F-11D3-BF4B-00C04F79EFBC}") = "DeltaEngine.Physics2D", "Physics2D\DeltaEngine.Physics2D.csproj", "{DC3AA434-09B9-43AD-8F43-431811FA054D}"
EndProject
Project("{2150E333-8FDC-42A3-9474-1A3956D46DE8}") = "Physics2D", "Physics2D", "{0D56DCE3-AC34-42F7-8CF2-22F725A0D5E2}"
EndProject
Project("{FAE04EC0-301F-11D3-BF4B-00C04F79EFBC}") = "DeltaEngine.Physics2D.Farseer", "Physics2D\Farseer\DeltaEngine.Physics2D.Farseer.csproj", "{C983D137-8B7F-47BE-996E-894A3596DD06}"
EndProject
Project("{FAE04EC0-301F-11D3-BF4B-00C04F79EFBC}") = "DeltaEngine.Physics2D.Tests", "Physics2D\Tests\DeltaEngine.Physics2D.Tests.csproj", "{7DF79C3C-85F2-4068-97D8-B25C9173CD14}"
EndProject
Project("{FAE04EC0-301F-11D3-BF4B-00C04F79EFBC}") = "DeltaEngine.Physics2D.Farseer.Tests", "Physics2D\Farseer\Tests\DeltaEngine.Physics2D.Farseer.Tests.csproj", "{732E8F5E-0633-40FE-9AD3-FFE4E9971696}"
EndProject
Global
	GlobalSection(SolutionConfigurationPlatforms) = preSolution
		Debug|Any CPU = Debug|Any CPU
		Debug|DirectX = Debug|DirectX
		Debug|OpenGL = Debug|OpenGL
		Debug|x86 = Debug|x86
		Debug|Xna = Debug|Xna
		Release|Any CPU = Release|Any CPU
		Release|DirectX = Release|DirectX
		Release|OpenGL = Release|OpenGL
		Release|x86 = Release|x86
		Release|Xna = Release|Xna
	EndGlobalSection
	GlobalSection(ProjectConfigurationPlatforms) = postSolution
		{8F701B0D-48B6-45CF-85E0-286BD53328BA}.Debug|Any CPU.ActiveCfg = Debug|Any CPU
		{8F701B0D-48B6-45CF-85E0-286BD53328BA}.Debug|Any CPU.Build.0 = Debug|Any CPU
		{8F701B0D-48B6-45CF-85E0-286BD53328BA}.Debug|DirectX.ActiveCfg = Debug|Any CPU
		{8F701B0D-48B6-45CF-85E0-286BD53328BA}.Debug|DirectX.Build.0 = Debug|Any CPU
		{8F701B0D-48B6-45CF-85E0-286BD53328BA}.Debug|OpenGL.ActiveCfg = Debug|Any CPU
		{8F701B0D-48B6-45CF-85E0-286BD53328BA}.Debug|OpenGL.Build.0 = Debug|Any CPU
		{8F701B0D-48B6-45CF-85E0-286BD53328BA}.Debug|x86.ActiveCfg = Debug|Any CPU
		{8F701B0D-48B6-45CF-85E0-286BD53328BA}.Debug|Xna.ActiveCfg = Debug|Any CPU
		{8F701B0D-48B6-45CF-85E0-286BD53328BA}.Debug|Xna.Build.0 = Debug|Any CPU
		{8F701B0D-48B6-45CF-85E0-286BD53328BA}.Release|Any CPU.ActiveCfg = Release|Any CPU
		{8F701B0D-48B6-45CF-85E0-286BD53328BA}.Release|Any CPU.Build.0 = Release|Any CPU
		{8F701B0D-48B6-45CF-85E0-286BD53328BA}.Release|DirectX.ActiveCfg = Release|Any CPU
		{8F701B0D-48B6-45CF-85E0-286BD53328BA}.Release|DirectX.Build.0 = Release|Any CPU
		{8F701B0D-48B6-45CF-85E0-286BD53328BA}.Release|OpenGL.ActiveCfg = Release|Any CPU
		{8F701B0D-48B6-45CF-85E0-286BD53328BA}.Release|OpenGL.Build.0 = Release|Any CPU
		{8F701B0D-48B6-45CF-85E0-286BD53328BA}.Release|x86.ActiveCfg = Release|Any CPU
		{8F701B0D-48B6-45CF-85E0-286BD53328BA}.Release|Xna.ActiveCfg = Release|Any CPU
		{8F701B0D-48B6-45CF-85E0-286BD53328BA}.Release|Xna.Build.0 = Release|Any CPU
		{BAE8830E-5F62-48D6-B772-C4B1E8665FB3}.Debug|Any CPU.ActiveCfg = Debug|Any CPU
		{BAE8830E-5F62-48D6-B772-C4B1E8665FB3}.Debug|Any CPU.Build.0 = Debug|Any CPU
		{BAE8830E-5F62-48D6-B772-C4B1E8665FB3}.Debug|DirectX.ActiveCfg = Debug|Any CPU
		{BAE8830E-5F62-48D6-B772-C4B1E8665FB3}.Debug|DirectX.Build.0 = Debug|Any CPU
		{BAE8830E-5F62-48D6-B772-C4B1E8665FB3}.Debug|OpenGL.ActiveCfg = Debug|Any CPU
		{BAE8830E-5F62-48D6-B772-C4B1E8665FB3}.Debug|OpenGL.Build.0 = Debug|Any CPU
		{BAE8830E-5F62-48D6-B772-C4B1E8665FB3}.Debug|x86.ActiveCfg = Debug|Any CPU
		{BAE8830E-5F62-48D6-B772-C4B1E8665FB3}.Debug|Xna.ActiveCfg = Debug|Any CPU
		{BAE8830E-5F62-48D6-B772-C4B1E8665FB3}.Debug|Xna.Build.0 = Debug|Any CPU
		{BAE8830E-5F62-48D6-B772-C4B1E8665FB3}.Release|Any CPU.ActiveCfg = Release|Any CPU
		{BAE8830E-5F62-48D6-B772-C4B1E8665FB3}.Release|Any CPU.Build.0 = Release|Any CPU
		{BAE8830E-5F62-48D6-B772-C4B1E8665FB3}.Release|DirectX.ActiveCfg = Release|Any CPU
		{BAE8830E-5F62-48D6-B772-C4B1E8665FB3}.Release|DirectX.Build.0 = Release|Any CPU
		{BAE8830E-5F62-48D6-B772-C4B1E8665FB3}.Release|OpenGL.ActiveCfg = Release|Any CPU
		{BAE8830E-5F62-48D6-B772-C4B1E8665FB3}.Release|OpenGL.Build.0 = Release|Any CPU
		{BAE8830E-5F62-48D6-B772-C4B1E8665FB3}.Release|x86.ActiveCfg = Release|Any CPU
		{BAE8830E-5F62-48D6-B772-C4B1E8665FB3}.Release|Xna.ActiveCfg = Release|Any CPU
		{BAE8830E-5F62-48D6-B772-C4B1E8665FB3}.Release|Xna.Build.0 = Release|Any CPU
		{460983FF-AA91-4E10-B70E-10D0BDA15A58}.Debug|Any CPU.ActiveCfg = Debug|Any CPU
		{460983FF-AA91-4E10-B70E-10D0BDA15A58}.Debug|Any CPU.Build.0 = Debug|Any CPU
		{460983FF-AA91-4E10-B70E-10D0BDA15A58}.Debug|DirectX.ActiveCfg = Debug|Any CPU
		{460983FF-AA91-4E10-B70E-10D0BDA15A58}.Debug|DirectX.Build.0 = Debug|Any CPU
		{460983FF-AA91-4E10-B70E-10D0BDA15A58}.Debug|OpenGL.ActiveCfg = Debug|Any CPU
		{460983FF-AA91-4E10-B70E-10D0BDA15A58}.Debug|OpenGL.Build.0 = Debug|Any CPU
		{460983FF-AA91-4E10-B70E-10D0BDA15A58}.Debug|x86.ActiveCfg = Debug|Any CPU
		{460983FF-AA91-4E10-B70E-10D0BDA15A58}.Debug|Xna.ActiveCfg = Debug|Any CPU
		{460983FF-AA91-4E10-B70E-10D0BDA15A58}.Debug|Xna.Build.0 = Debug|Any CPU
		{460983FF-AA91-4E10-B70E-10D0BDA15A58}.Release|Any CPU.ActiveCfg = Release|Any CPU
		{460983FF-AA91-4E10-B70E-10D0BDA15A58}.Release|Any CPU.Build.0 = Release|Any CPU
		{460983FF-AA91-4E10-B70E-10D0BDA15A58}.Release|DirectX.ActiveCfg = Release|Any CPU
		{460983FF-AA91-4E10-B70E-10D0BDA15A58}.Release|DirectX.Build.0 = Release|Any CPU
		{460983FF-AA91-4E10-B70E-10D0BDA15A58}.Release|OpenGL.ActiveCfg = Release|Any CPU
		{460983FF-AA91-4E10-B70E-10D0BDA15A58}.Release|OpenGL.Build.0 = Release|Any CPU
		{460983FF-AA91-4E10-B70E-10D0BDA15A58}.Release|x86.ActiveCfg = Release|Any CPU
		{460983FF-AA91-4E10-B70E-10D0BDA15A58}.Release|Xna.ActiveCfg = Release|Any CPU
		{460983FF-AA91-4E10-B70E-10D0BDA15A58}.Release|Xna.Build.0 = Release|Any CPU
		{E41AA830-DAED-4206-8AF6-ECEB1BBD66FE}.Debug|Any CPU.ActiveCfg = Debug|Any CPU
		{E41AA830-DAED-4206-8AF6-ECEB1BBD66FE}.Debug|Any CPU.Build.0 = Debug|Any CPU
		{E41AA830-DAED-4206-8AF6-ECEB1BBD66FE}.Debug|DirectX.ActiveCfg = Debug|Any CPU
		{E41AA830-DAED-4206-8AF6-ECEB1BBD66FE}.Debug|DirectX.Build.0 = Debug|Any CPU
		{E41AA830-DAED-4206-8AF6-ECEB1BBD66FE}.Debug|OpenGL.ActiveCfg = Debug|Any CPU
		{E41AA830-DAED-4206-8AF6-ECEB1BBD66FE}.Debug|OpenGL.Build.0 = Debug|Any CPU
		{E41AA830-DAED-4206-8AF6-ECEB1BBD66FE}.Debug|x86.ActiveCfg = Debug|Any CPU
		{E41AA830-DAED-4206-8AF6-ECEB1BBD66FE}.Debug|Xna.ActiveCfg = Debug|Any CPU
		{E41AA830-DAED-4206-8AF6-ECEB1BBD66FE}.Debug|Xna.Build.0 = Debug|Any CPU
		{E41AA830-DAED-4206-8AF6-ECEB1BBD66FE}.Release|Any CPU.ActiveCfg = Release|Any CPU
		{E41AA830-DAED-4206-8AF6-ECEB1BBD66FE}.Release|Any CPU.Build.0 = Release|Any CPU
		{E41AA830-DAED-4206-8AF6-ECEB1BBD66FE}.Release|DirectX.ActiveCfg = Release|Any CPU
		{E41AA830-DAED-4206-8AF6-ECEB1BBD66FE}.Release|DirectX.Build.0 = Release|Any CPU
		{E41AA830-DAED-4206-8AF6-ECEB1BBD66FE}.Release|OpenGL.ActiveCfg = Release|Any CPU
		{E41AA830-DAED-4206-8AF6-ECEB1BBD66FE}.Release|OpenGL.Build.0 = Release|Any CPU
		{E41AA830-DAED-4206-8AF6-ECEB1BBD66FE}.Release|x86.ActiveCfg = Release|Any CPU
		{E41AA830-DAED-4206-8AF6-ECEB1BBD66FE}.Release|Xna.ActiveCfg = Release|Any CPU
		{E41AA830-DAED-4206-8AF6-ECEB1BBD66FE}.Release|Xna.Build.0 = Release|Any CPU
		{B7E2C5AF-3EE2-4820-B2AE-62BC8D0FB7AC}.Debug|Any CPU.ActiveCfg = Debug|Any CPU
		{B7E2C5AF-3EE2-4820-B2AE-62BC8D0FB7AC}.Debug|Any CPU.Build.0 = Debug|Any CPU
		{B7E2C5AF-3EE2-4820-B2AE-62BC8D0FB7AC}.Debug|DirectX.ActiveCfg = Debug|Any CPU
		{B7E2C5AF-3EE2-4820-B2AE-62BC8D0FB7AC}.Debug|DirectX.Build.0 = Debug|Any CPU
		{B7E2C5AF-3EE2-4820-B2AE-62BC8D0FB7AC}.Debug|OpenGL.ActiveCfg = Debug|Any CPU
		{B7E2C5AF-3EE2-4820-B2AE-62BC8D0FB7AC}.Debug|OpenGL.Build.0 = Debug|Any CPU
		{B7E2C5AF-3EE2-4820-B2AE-62BC8D0FB7AC}.Debug|x86.ActiveCfg = Debug|Any CPU
		{B7E2C5AF-3EE2-4820-B2AE-62BC8D0FB7AC}.Debug|Xna.ActiveCfg = Debug|Any CPU
		{B7E2C5AF-3EE2-4820-B2AE-62BC8D0FB7AC}.Debug|Xna.Build.0 = Debug|Any CPU
		{B7E2C5AF-3EE2-4820-B2AE-62BC8D0FB7AC}.Release|Any CPU.ActiveCfg = Release|Any CPU
		{B7E2C5AF-3EE2-4820-B2AE-62BC8D0FB7AC}.Release|Any CPU.Build.0 = Release|Any CPU
		{B7E2C5AF-3EE2-4820-B2AE-62BC8D0FB7AC}.Release|DirectX.ActiveCfg = Release|Any CPU
		{B7E2C5AF-3EE2-4820-B2AE-62BC8D0FB7AC}.Release|DirectX.Build.0 = Release|Any CPU
		{B7E2C5AF-3EE2-4820-B2AE-62BC8D0FB7AC}.Release|OpenGL.ActiveCfg = Release|Any CPU
		{B7E2C5AF-3EE2-4820-B2AE-62BC8D0FB7AC}.Release|OpenGL.Build.0 = Release|Any CPU
		{B7E2C5AF-3EE2-4820-B2AE-62BC8D0FB7AC}.Release|x86.ActiveCfg = Release|Any CPU
		{B7E2C5AF-3EE2-4820-B2AE-62BC8D0FB7AC}.Release|Xna.ActiveCfg = Release|Any CPU
		{B7E2C5AF-3EE2-4820-B2AE-62BC8D0FB7AC}.Release|Xna.Build.0 = Release|Any CPU
		{D0AAD622-ED82-40E5-88A9-980EAFC12C16}.Debug|Any CPU.ActiveCfg = Debug|Any CPU
		{D0AAD622-ED82-40E5-88A9-980EAFC12C16}.Debug|Any CPU.Build.0 = Debug|Any CPU
		{D0AAD622-ED82-40E5-88A9-980EAFC12C16}.Debug|DirectX.ActiveCfg = Debug|Any CPU
		{D0AAD622-ED82-40E5-88A9-980EAFC12C16}.Debug|DirectX.Build.0 = Debug|Any CPU
		{D0AAD622-ED82-40E5-88A9-980EAFC12C16}.Debug|OpenGL.ActiveCfg = Debug|Any CPU
		{D0AAD622-ED82-40E5-88A9-980EAFC12C16}.Debug|OpenGL.Build.0 = Debug|Any CPU
		{D0AAD622-ED82-40E5-88A9-980EAFC12C16}.Debug|x86.ActiveCfg = Debug|Any CPU
		{D0AAD622-ED82-40E5-88A9-980EAFC12C16}.Debug|Xna.ActiveCfg = Debug|Any CPU
		{D0AAD622-ED82-40E5-88A9-980EAFC12C16}.Debug|Xna.Build.0 = Debug|Any CPU
		{D0AAD622-ED82-40E5-88A9-980EAFC12C16}.Release|Any CPU.ActiveCfg = Release|Any CPU
		{D0AAD622-ED82-40E5-88A9-980EAFC12C16}.Release|Any CPU.Build.0 = Release|Any CPU
		{D0AAD622-ED82-40E5-88A9-980EAFC12C16}.Release|DirectX.ActiveCfg = Release|Any CPU
		{D0AAD622-ED82-40E5-88A9-980EAFC12C16}.Release|DirectX.Build.0 = Release|Any CPU
		{D0AAD622-ED82-40E5-88A9-980EAFC12C16}.Release|OpenGL.ActiveCfg = Release|Any CPU
		{D0AAD622-ED82-40E5-88A9-980EAFC12C16}.Release|OpenGL.Build.0 = Release|Any CPU
		{D0AAD622-ED82-40E5-88A9-980EAFC12C16}.Release|x86.ActiveCfg = Release|Any CPU
		{D0AAD622-ED82-40E5-88A9-980EAFC12C16}.Release|Xna.ActiveCfg = Release|Any CPU
		{D0AAD622-ED82-40E5-88A9-980EAFC12C16}.Release|Xna.Build.0 = Release|Any CPU
		{CC943AE0-A1CC-4788-AC9B-01DB3A0EBCD6}.Debug|Any CPU.ActiveCfg = Debug|Any CPU
		{CC943AE0-A1CC-4788-AC9B-01DB3A0EBCD6}.Debug|Any CPU.Build.0 = Debug|Any CPU
		{CC943AE0-A1CC-4788-AC9B-01DB3A0EBCD6}.Debug|DirectX.ActiveCfg = Debug|Any CPU
		{CC943AE0-A1CC-4788-AC9B-01DB3A0EBCD6}.Debug|OpenGL.ActiveCfg = Debug|Any CPU
		{CC943AE0-A1CC-4788-AC9B-01DB3A0EBCD6}.Debug|OpenGL.Build.0 = Debug|Any CPU
		{CC943AE0-A1CC-4788-AC9B-01DB3A0EBCD6}.Debug|x86.ActiveCfg = Debug|Any CPU
		{CC943AE0-A1CC-4788-AC9B-01DB3A0EBCD6}.Debug|Xna.ActiveCfg = Debug|Any CPU
		{CC943AE0-A1CC-4788-AC9B-01DB3A0EBCD6}.Release|Any CPU.ActiveCfg = Release|Any CPU
		{CC943AE0-A1CC-4788-AC9B-01DB3A0EBCD6}.Release|Any CPU.Build.0 = Release|Any CPU
		{CC943AE0-A1CC-4788-AC9B-01DB3A0EBCD6}.Release|DirectX.ActiveCfg = Release|Any CPU
		{CC943AE0-A1CC-4788-AC9B-01DB3A0EBCD6}.Release|OpenGL.ActiveCfg = Release|Any CPU
		{CC943AE0-A1CC-4788-AC9B-01DB3A0EBCD6}.Release|OpenGL.Build.0 = Release|Any CPU
		{CC943AE0-A1CC-4788-AC9B-01DB3A0EBCD6}.Release|x86.ActiveCfg = Release|Any CPU
		{CC943AE0-A1CC-4788-AC9B-01DB3A0EBCD6}.Release|Xna.ActiveCfg = Release|Any CPU
		{8ED0A7F1-77FB-47E7-AB6C-59C711BA3A9A}.Debug|Any CPU.ActiveCfg = Debug|Any CPU
		{8ED0A7F1-77FB-47E7-AB6C-59C711BA3A9A}.Debug|Any CPU.Build.0 = Debug|Any CPU
		{8ED0A7F1-77FB-47E7-AB6C-59C711BA3A9A}.Debug|DirectX.ActiveCfg = Debug|Any CPU
		{8ED0A7F1-77FB-47E7-AB6C-59C711BA3A9A}.Debug|DirectX.Build.0 = Debug|Any CPU
		{8ED0A7F1-77FB-47E7-AB6C-59C711BA3A9A}.Debug|OpenGL.ActiveCfg = Debug|Any CPU
		{8ED0A7F1-77FB-47E7-AB6C-59C711BA3A9A}.Debug|OpenGL.Build.0 = Debug|Any CPU
		{8ED0A7F1-77FB-47E7-AB6C-59C711BA3A9A}.Debug|x86.ActiveCfg = Debug|Any CPU
		{8ED0A7F1-77FB-47E7-AB6C-59C711BA3A9A}.Debug|Xna.ActiveCfg = Debug|Any CPU
		{8ED0A7F1-77FB-47E7-AB6C-59C711BA3A9A}.Debug|Xna.Build.0 = Debug|Any CPU
		{8ED0A7F1-77FB-47E7-AB6C-59C711BA3A9A}.Release|Any CPU.ActiveCfg = Release|Any CPU
		{8ED0A7F1-77FB-47E7-AB6C-59C711BA3A9A}.Release|Any CPU.Build.0 = Release|Any CPU
		{8ED0A7F1-77FB-47E7-AB6C-59C711BA3A9A}.Release|DirectX.ActiveCfg = Release|Any CPU
		{8ED0A7F1-77FB-47E7-AB6C-59C711BA3A9A}.Release|DirectX.Build.0 = Release|Any CPU
		{8ED0A7F1-77FB-47E7-AB6C-59C711BA3A9A}.Release|OpenGL.ActiveCfg = Release|Any CPU
		{8ED0A7F1-77FB-47E7-AB6C-59C711BA3A9A}.Release|OpenGL.Build.0 = Release|Any CPU
		{8ED0A7F1-77FB-47E7-AB6C-59C711BA3A9A}.Release|x86.ActiveCfg = Release|Any CPU
		{8ED0A7F1-77FB-47E7-AB6C-59C711BA3A9A}.Release|Xna.ActiveCfg = Release|Any CPU
		{8ED0A7F1-77FB-47E7-AB6C-59C711BA3A9A}.Release|Xna.Build.0 = Release|Any CPU
		{BDDB4AA4-5D31-43B3-9A3B-BF3030EDE927}.Debug|Any CPU.ActiveCfg = Debug|Any CPU
		{BDDB4AA4-5D31-43B3-9A3B-BF3030EDE927}.Debug|Any CPU.Build.0 = Debug|Any CPU
		{BDDB4AA4-5D31-43B3-9A3B-BF3030EDE927}.Debug|DirectX.ActiveCfg = Debug|Any CPU
		{BDDB4AA4-5D31-43B3-9A3B-BF3030EDE927}.Debug|DirectX.Build.0 = Debug|Any CPU
		{BDDB4AA4-5D31-43B3-9A3B-BF3030EDE927}.Debug|OpenGL.ActiveCfg = Debug|Any CPU
		{BDDB4AA4-5D31-43B3-9A3B-BF3030EDE927}.Debug|OpenGL.Build.0 = Debug|Any CPU
		{BDDB4AA4-5D31-43B3-9A3B-BF3030EDE927}.Debug|x86.ActiveCfg = Debug|Any CPU
		{BDDB4AA4-5D31-43B3-9A3B-BF3030EDE927}.Debug|Xna.ActiveCfg = Debug|Any CPU
		{BDDB4AA4-5D31-43B3-9A3B-BF3030EDE927}.Debug|Xna.Build.0 = Debug|Any CPU
		{BDDB4AA4-5D31-43B3-9A3B-BF3030EDE927}.Release|Any CPU.ActiveCfg = Release|Any CPU
		{BDDB4AA4-5D31-43B3-9A3B-BF3030EDE927}.Release|Any CPU.Build.0 = Release|Any CPU
		{BDDB4AA4-5D31-43B3-9A3B-BF3030EDE927}.Release|DirectX.ActiveCfg = Release|Any CPU
		{BDDB4AA4-5D31-43B3-9A3B-BF3030EDE927}.Release|DirectX.Build.0 = Release|Any CPU
		{BDDB4AA4-5D31-43B3-9A3B-BF3030EDE927}.Release|OpenGL.ActiveCfg = Release|Any CPU
		{BDDB4AA4-5D31-43B3-9A3B-BF3030EDE927}.Release|OpenGL.Build.0 = Release|Any CPU
		{BDDB4AA4-5D31-43B3-9A3B-BF3030EDE927}.Release|x86.ActiveCfg = Release|Any CPU
		{BDDB4AA4-5D31-43B3-9A3B-BF3030EDE927}.Release|Xna.ActiveCfg = Release|Any CPU
		{BDDB4AA4-5D31-43B3-9A3B-BF3030EDE927}.Release|Xna.Build.0 = Release|Any CPU
		{D24FD291-F379-4AA1-9C0E-D664EBBECBC9}.Debug|Any CPU.ActiveCfg = Debug|Any CPU
		{D24FD291-F379-4AA1-9C0E-D664EBBECBC9}.Debug|Any CPU.Build.0 = Debug|Any CPU
		{D24FD291-F379-4AA1-9C0E-D664EBBECBC9}.Debug|DirectX.ActiveCfg = Debug|Any CPU
		{D24FD291-F379-4AA1-9C0E-D664EBBECBC9}.Debug|DirectX.Build.0 = Debug|Any CPU
		{D24FD291-F379-4AA1-9C0E-D664EBBECBC9}.Debug|OpenGL.ActiveCfg = Debug|Any CPU
		{D24FD291-F379-4AA1-9C0E-D664EBBECBC9}.Debug|OpenGL.Build.0 = Debug|Any CPU
		{D24FD291-F379-4AA1-9C0E-D664EBBECBC9}.Debug|x86.ActiveCfg = Debug|Any CPU
		{D24FD291-F379-4AA1-9C0E-D664EBBECBC9}.Debug|Xna.ActiveCfg = Debug|Any CPU
		{D24FD291-F379-4AA1-9C0E-D664EBBECBC9}.Debug|Xna.Build.0 = Debug|Any CPU
		{D24FD291-F379-4AA1-9C0E-D664EBBECBC9}.Release|Any CPU.ActiveCfg = Release|Any CPU
		{D24FD291-F379-4AA1-9C0E-D664EBBECBC9}.Release|Any CPU.Build.0 = Release|Any CPU
		{D24FD291-F379-4AA1-9C0E-D664EBBECBC9}.Release|DirectX.ActiveCfg = Release|Any CPU
		{D24FD291-F379-4AA1-9C0E-D664EBBECBC9}.Release|DirectX.Build.0 = Release|Any CPU
		{D24FD291-F379-4AA1-9C0E-D664EBBECBC9}.Release|OpenGL.ActiveCfg = Release|Any CPU
		{D24FD291-F379-4AA1-9C0E-D664EBBECBC9}.Release|OpenGL.Build.0 = Release|Any CPU
		{D24FD291-F379-4AA1-9C0E-D664EBBECBC9}.Release|x86.ActiveCfg = Release|Any CPU
		{D24FD291-F379-4AA1-9C0E-D664EBBECBC9}.Release|Xna.ActiveCfg = Release|Any CPU
		{D24FD291-F379-4AA1-9C0E-D664EBBECBC9}.Release|Xna.Build.0 = Release|Any CPU
		{CC533B9B-FC08-411A-B02D-9BB0E2DD90EC}.Debug|Any CPU.ActiveCfg = Debug|Any CPU
		{CC533B9B-FC08-411A-B02D-9BB0E2DD90EC}.Debug|Any CPU.Build.0 = Debug|Any CPU
		{CC533B9B-FC08-411A-B02D-9BB0E2DD90EC}.Debug|DirectX.ActiveCfg = Debug|Any CPU
		{CC533B9B-FC08-411A-B02D-9BB0E2DD90EC}.Debug|OpenGL.ActiveCfg = Debug|Any CPU
		{CC533B9B-FC08-411A-B02D-9BB0E2DD90EC}.Debug|x86.ActiveCfg = Debug|Any CPU
		{CC533B9B-FC08-411A-B02D-9BB0E2DD90EC}.Debug|Xna.ActiveCfg = Debug|Any CPU
		{CC533B9B-FC08-411A-B02D-9BB0E2DD90EC}.Debug|Xna.Build.0 = Debug|Any CPU
		{CC533B9B-FC08-411A-B02D-9BB0E2DD90EC}.Release|Any CPU.ActiveCfg = Release|Any CPU
		{CC533B9B-FC08-411A-B02D-9BB0E2DD90EC}.Release|Any CPU.Build.0 = Release|Any CPU
		{CC533B9B-FC08-411A-B02D-9BB0E2DD90EC}.Release|DirectX.ActiveCfg = Release|Any CPU
		{CC533B9B-FC08-411A-B02D-9BB0E2DD90EC}.Release|OpenGL.ActiveCfg = Release|Any CPU
		{CC533B9B-FC08-411A-B02D-9BB0E2DD90EC}.Release|x86.ActiveCfg = Release|Any CPU
		{CC533B9B-FC08-411A-B02D-9BB0E2DD90EC}.Release|Xna.ActiveCfg = Release|Any CPU
		{CC533B9B-FC08-411A-B02D-9BB0E2DD90EC}.Release|Xna.Build.0 = Release|Any CPU
		{9066595C-9E66-4631-A53A-28C2D22CFE53}.Debug|Any CPU.ActiveCfg = Debug|Any CPU
		{9066595C-9E66-4631-A53A-28C2D22CFE53}.Debug|Any CPU.Build.0 = Debug|Any CPU
		{9066595C-9E66-4631-A53A-28C2D22CFE53}.Debug|DirectX.ActiveCfg = Debug|Any CPU
		{9066595C-9E66-4631-A53A-28C2D22CFE53}.Debug|DirectX.Build.0 = Debug|Any CPU
		{9066595C-9E66-4631-A53A-28C2D22CFE53}.Debug|OpenGL.ActiveCfg = Debug|Any CPU
		{9066595C-9E66-4631-A53A-28C2D22CFE53}.Debug|x86.ActiveCfg = Debug|Any CPU
		{9066595C-9E66-4631-A53A-28C2D22CFE53}.Debug|Xna.ActiveCfg = Debug|Any CPU
		{9066595C-9E66-4631-A53A-28C2D22CFE53}.Release|Any CPU.ActiveCfg = Release|Any CPU
		{9066595C-9E66-4631-A53A-28C2D22CFE53}.Release|Any CPU.Build.0 = Release|Any CPU
		{9066595C-9E66-4631-A53A-28C2D22CFE53}.Release|DirectX.ActiveCfg = Release|Any CPU
		{9066595C-9E66-4631-A53A-28C2D22CFE53}.Release|DirectX.Build.0 = Release|Any CPU
		{9066595C-9E66-4631-A53A-28C2D22CFE53}.Release|OpenGL.ActiveCfg = Release|Any CPU
		{9066595C-9E66-4631-A53A-28C2D22CFE53}.Release|OpenGL.Build.0 = Release|Any CPU
		{9066595C-9E66-4631-A53A-28C2D22CFE53}.Release|x86.ActiveCfg = Release|Any CPU
		{9066595C-9E66-4631-A53A-28C2D22CFE53}.Release|Xna.ActiveCfg = Release|Any CPU
		{A8D386EA-D376-46EA-A721-2BA51426A721}.Debug|Any CPU.ActiveCfg = Debug|Any CPU
		{A8D386EA-D376-46EA-A721-2BA51426A721}.Debug|Any CPU.Build.0 = Debug|Any CPU
		{A8D386EA-D376-46EA-A721-2BA51426A721}.Debug|DirectX.ActiveCfg = Debug|Any CPU
		{A8D386EA-D376-46EA-A721-2BA51426A721}.Debug|DirectX.Build.0 = Debug|Any CPU
		{A8D386EA-D376-46EA-A721-2BA51426A721}.Debug|OpenGL.ActiveCfg = Debug|Any CPU
		{A8D386EA-D376-46EA-A721-2BA51426A721}.Debug|OpenGL.Build.0 = Debug|Any CPU
		{A8D386EA-D376-46EA-A721-2BA51426A721}.Debug|x86.ActiveCfg = Debug|Any CPU
		{A8D386EA-D376-46EA-A721-2BA51426A721}.Debug|Xna.ActiveCfg = Debug|Any CPU
		{A8D386EA-D376-46EA-A721-2BA51426A721}.Debug|Xna.Build.0 = Debug|Any CPU
		{A8D386EA-D376-46EA-A721-2BA51426A721}.Release|Any CPU.ActiveCfg = Release|Any CPU
		{A8D386EA-D376-46EA-A721-2BA51426A721}.Release|Any CPU.Build.0 = Release|Any CPU
		{A8D386EA-D376-46EA-A721-2BA51426A721}.Release|DirectX.ActiveCfg = Release|Any CPU
		{A8D386EA-D376-46EA-A721-2BA51426A721}.Release|DirectX.Build.0 = Release|Any CPU
		{A8D386EA-D376-46EA-A721-2BA51426A721}.Release|OpenGL.ActiveCfg = Release|Any CPU
		{A8D386EA-D376-46EA-A721-2BA51426A721}.Release|OpenGL.Build.0 = Release|Any CPU
		{A8D386EA-D376-46EA-A721-2BA51426A721}.Release|x86.ActiveCfg = Release|Any CPU
		{A8D386EA-D376-46EA-A721-2BA51426A721}.Release|Xna.ActiveCfg = Release|Any CPU
		{A8D386EA-D376-46EA-A721-2BA51426A721}.Release|Xna.Build.0 = Release|Any CPU
		{07E9D341-4B22-48FE-B921-5D18D3AB2C49}.Debug|Any CPU.ActiveCfg = Debug|Any CPU
		{07E9D341-4B22-48FE-B921-5D18D3AB2C49}.Debug|Any CPU.Build.0 = Debug|Any CPU
		{07E9D341-4B22-48FE-B921-5D18D3AB2C49}.Debug|DirectX.ActiveCfg = Debug|Any CPU
		{07E9D341-4B22-48FE-B921-5D18D3AB2C49}.Debug|OpenGL.ActiveCfg = Debug|Any CPU
		{07E9D341-4B22-48FE-B921-5D18D3AB2C49}.Debug|x86.ActiveCfg = Debug|Any CPU
		{07E9D341-4B22-48FE-B921-5D18D3AB2C49}.Debug|Xna.ActiveCfg = Debug|Any CPU
		{07E9D341-4B22-48FE-B921-5D18D3AB2C49}.Debug|Xna.Build.0 = Debug|Any CPU
		{07E9D341-4B22-48FE-B921-5D18D3AB2C49}.Release|Any CPU.ActiveCfg = Release|Any CPU
		{07E9D341-4B22-48FE-B921-5D18D3AB2C49}.Release|Any CPU.Build.0 = Release|Any CPU
		{07E9D341-4B22-48FE-B921-5D18D3AB2C49}.Release|DirectX.ActiveCfg = Release|Any CPU
		{07E9D341-4B22-48FE-B921-5D18D3AB2C49}.Release|OpenGL.ActiveCfg = Release|Any CPU
		{07E9D341-4B22-48FE-B921-5D18D3AB2C49}.Release|x86.ActiveCfg = Release|Any CPU
		{07E9D341-4B22-48FE-B921-5D18D3AB2C49}.Release|Xna.ActiveCfg = Release|Any CPU
		{07E9D341-4B22-48FE-B921-5D18D3AB2C49}.Release|Xna.Build.0 = Release|Any CPU
		{05569371-855C-4667-8228-20491337C431}.Debug|Any CPU.ActiveCfg = Debug|Any CPU
		{05569371-855C-4667-8228-20491337C431}.Debug|Any CPU.Build.0 = Debug|Any CPU
		{05569371-855C-4667-8228-20491337C431}.Debug|DirectX.ActiveCfg = Debug|Any CPU
		{05569371-855C-4667-8228-20491337C431}.Debug|DirectX.Build.0 = Debug|Any CPU
		{05569371-855C-4667-8228-20491337C431}.Debug|OpenGL.ActiveCfg = Debug|Any CPU
		{05569371-855C-4667-8228-20491337C431}.Debug|x86.ActiveCfg = Debug|Any CPU
		{05569371-855C-4667-8228-20491337C431}.Debug|Xna.ActiveCfg = Debug|Any CPU
		{05569371-855C-4667-8228-20491337C431}.Release|Any CPU.ActiveCfg = Release|Any CPU
		{05569371-855C-4667-8228-20491337C431}.Release|Any CPU.Build.0 = Release|Any CPU
		{05569371-855C-4667-8228-20491337C431}.Release|DirectX.ActiveCfg = Release|Any CPU
		{05569371-855C-4667-8228-20491337C431}.Release|DirectX.Build.0 = Release|Any CPU
		{05569371-855C-4667-8228-20491337C431}.Release|OpenGL.ActiveCfg = Release|Any CPU
		{05569371-855C-4667-8228-20491337C431}.Release|x86.ActiveCfg = Release|Any CPU
		{05569371-855C-4667-8228-20491337C431}.Release|Xna.ActiveCfg = Release|Any CPU
		{BD8A80E2-A313-437E-B0EF-FC0B066280A7}.Debug|Any CPU.ActiveCfg = Debug|Any CPU
		{BD8A80E2-A313-437E-B0EF-FC0B066280A7}.Debug|Any CPU.Build.0 = Debug|Any CPU
		{BD8A80E2-A313-437E-B0EF-FC0B066280A7}.Debug|DirectX.ActiveCfg = Debug|Any CPU
		{BD8A80E2-A313-437E-B0EF-FC0B066280A7}.Debug|DirectX.Build.0 = Debug|Any CPU
		{BD8A80E2-A313-437E-B0EF-FC0B066280A7}.Debug|OpenGL.ActiveCfg = Debug|Any CPU
		{BD8A80E2-A313-437E-B0EF-FC0B066280A7}.Debug|OpenGL.Build.0 = Debug|Any CPU
		{BD8A80E2-A313-437E-B0EF-FC0B066280A7}.Debug|x86.ActiveCfg = Debug|Any CPU
		{BD8A80E2-A313-437E-B0EF-FC0B066280A7}.Debug|Xna.ActiveCfg = Debug|Any CPU
		{BD8A80E2-A313-437E-B0EF-FC0B066280A7}.Debug|Xna.Build.0 = Debug|Any CPU
		{BD8A80E2-A313-437E-B0EF-FC0B066280A7}.Release|Any CPU.ActiveCfg = Release|Any CPU
		{BD8A80E2-A313-437E-B0EF-FC0B066280A7}.Release|Any CPU.Build.0 = Release|Any CPU
		{BD8A80E2-A313-437E-B0EF-FC0B066280A7}.Release|DirectX.ActiveCfg = Release|Any CPU
		{BD8A80E2-A313-437E-B0EF-FC0B066280A7}.Release|DirectX.Build.0 = Release|Any CPU
		{BD8A80E2-A313-437E-B0EF-FC0B066280A7}.Release|OpenGL.ActiveCfg = Release|Any CPU
		{BD8A80E2-A313-437E-B0EF-FC0B066280A7}.Release|OpenGL.Build.0 = Release|Any CPU
		{BD8A80E2-A313-437E-B0EF-FC0B066280A7}.Release|x86.ActiveCfg = Release|Any CPU
		{BD8A80E2-A313-437E-B0EF-FC0B066280A7}.Release|Xna.ActiveCfg = Release|Any CPU
		{BD8A80E2-A313-437E-B0EF-FC0B066280A7}.Release|Xna.Build.0 = Release|Any CPU
		{CC65E69E-FAFD-4C2B-85EB-5E57FD3AF847}.Debug|Any CPU.ActiveCfg = Debug|Any CPU
		{CC65E69E-FAFD-4C2B-85EB-5E57FD3AF847}.Debug|Any CPU.Build.0 = Debug|Any CPU
		{CC65E69E-FAFD-4C2B-85EB-5E57FD3AF847}.Debug|DirectX.ActiveCfg = Debug|Any CPU
		{CC65E69E-FAFD-4C2B-85EB-5E57FD3AF847}.Debug|DirectX.Build.0 = Debug|Any CPU
		{CC65E69E-FAFD-4C2B-85EB-5E57FD3AF847}.Debug|OpenGL.ActiveCfg = Debug|Any CPU
		{CC65E69E-FAFD-4C2B-85EB-5E57FD3AF847}.Debug|OpenGL.Build.0 = Debug|Any CPU
		{CC65E69E-FAFD-4C2B-85EB-5E57FD3AF847}.Debug|x86.ActiveCfg = Debug|Any CPU
		{CC65E69E-FAFD-4C2B-85EB-5E57FD3AF847}.Debug|Xna.ActiveCfg = Debug|Any CPU
		{CC65E69E-FAFD-4C2B-85EB-5E57FD3AF847}.Debug|Xna.Build.0 = Debug|Any CPU
		{CC65E69E-FAFD-4C2B-85EB-5E57FD3AF847}.Release|Any CPU.ActiveCfg = Release|Any CPU
		{CC65E69E-FAFD-4C2B-85EB-5E57FD3AF847}.Release|Any CPU.Build.0 = Release|Any CPU
		{CC65E69E-FAFD-4C2B-85EB-5E57FD3AF847}.Release|DirectX.ActiveCfg = Release|Any CPU
		{CC65E69E-FAFD-4C2B-85EB-5E57FD3AF847}.Release|DirectX.Build.0 = Release|Any CPU
		{CC65E69E-FAFD-4C2B-85EB-5E57FD3AF847}.Release|OpenGL.ActiveCfg = Release|Any CPU
		{CC65E69E-FAFD-4C2B-85EB-5E57FD3AF847}.Release|OpenGL.Build.0 = Release|Any CPU
		{CC65E69E-FAFD-4C2B-85EB-5E57FD3AF847}.Release|x86.ActiveCfg = Release|Any CPU
		{CC65E69E-FAFD-4C2B-85EB-5E57FD3AF847}.Release|Xna.ActiveCfg = Release|Any CPU
		{CC65E69E-FAFD-4C2B-85EB-5E57FD3AF847}.Release|Xna.Build.0 = Release|Any CPU
		{92242E5E-5077-48B8-8D8B-AE7108C46FF9}.Debug|Any CPU.ActiveCfg = Debug|Any CPU
		{92242E5E-5077-48B8-8D8B-AE7108C46FF9}.Debug|Any CPU.Build.0 = Debug|Any CPU
		{92242E5E-5077-48B8-8D8B-AE7108C46FF9}.Debug|DirectX.ActiveCfg = Debug|Any CPU
		{92242E5E-5077-48B8-8D8B-AE7108C46FF9}.Debug|DirectX.Build.0 = Debug|Any CPU
		{92242E5E-5077-48B8-8D8B-AE7108C46FF9}.Debug|OpenGL.ActiveCfg = Debug|Any CPU
		{92242E5E-5077-48B8-8D8B-AE7108C46FF9}.Debug|OpenGL.Build.0 = Debug|Any CPU
		{92242E5E-5077-48B8-8D8B-AE7108C46FF9}.Debug|x86.ActiveCfg = Debug|Any CPU
		{92242E5E-5077-48B8-8D8B-AE7108C46FF9}.Debug|Xna.ActiveCfg = Debug|Any CPU
		{92242E5E-5077-48B8-8D8B-AE7108C46FF9}.Debug|Xna.Build.0 = Debug|Any CPU
		{92242E5E-5077-48B8-8D8B-AE7108C46FF9}.Release|Any CPU.ActiveCfg = Release|Any CPU
		{92242E5E-5077-48B8-8D8B-AE7108C46FF9}.Release|Any CPU.Build.0 = Release|Any CPU
		{92242E5E-5077-48B8-8D8B-AE7108C46FF9}.Release|DirectX.ActiveCfg = Release|Any CPU
		{92242E5E-5077-48B8-8D8B-AE7108C46FF9}.Release|DirectX.Build.0 = Release|Any CPU
		{92242E5E-5077-48B8-8D8B-AE7108C46FF9}.Release|OpenGL.ActiveCfg = Release|Any CPU
		{92242E5E-5077-48B8-8D8B-AE7108C46FF9}.Release|OpenGL.Build.0 = Release|Any CPU
		{92242E5E-5077-48B8-8D8B-AE7108C46FF9}.Release|x86.ActiveCfg = Release|Any CPU
		{92242E5E-5077-48B8-8D8B-AE7108C46FF9}.Release|Xna.ActiveCfg = Release|Any CPU
		{92242E5E-5077-48B8-8D8B-AE7108C46FF9}.Release|Xna.Build.0 = Release|Any CPU
		{C0D2430E-714D-476C-80E7-5C80A7FA68EE}.Debug|Any CPU.ActiveCfg = Debug|Any CPU
		{C0D2430E-714D-476C-80E7-5C80A7FA68EE}.Debug|Any CPU.Build.0 = Debug|Any CPU
		{C0D2430E-714D-476C-80E7-5C80A7FA68EE}.Debug|DirectX.ActiveCfg = Debug|Any CPU
		{C0D2430E-714D-476C-80E7-5C80A7FA68EE}.Debug|DirectX.Build.0 = Debug|Any CPU
		{C0D2430E-714D-476C-80E7-5C80A7FA68EE}.Debug|OpenGL.ActiveCfg = Debug|Any CPU
		{C0D2430E-714D-476C-80E7-5C80A7FA68EE}.Debug|OpenGL.Build.0 = Debug|Any CPU
		{C0D2430E-714D-476C-80E7-5C80A7FA68EE}.Debug|x86.ActiveCfg = Debug|Any CPU
		{C0D2430E-714D-476C-80E7-5C80A7FA68EE}.Debug|Xna.ActiveCfg = Debug|Any CPU
		{C0D2430E-714D-476C-80E7-5C80A7FA68EE}.Debug|Xna.Build.0 = Debug|Any CPU
		{C0D2430E-714D-476C-80E7-5C80A7FA68EE}.Release|Any CPU.ActiveCfg = Release|Any CPU
		{C0D2430E-714D-476C-80E7-5C80A7FA68EE}.Release|Any CPU.Build.0 = Release|Any CPU
		{C0D2430E-714D-476C-80E7-5C80A7FA68EE}.Release|DirectX.ActiveCfg = Release|Any CPU
		{C0D2430E-714D-476C-80E7-5C80A7FA68EE}.Release|DirectX.Build.0 = Release|Any CPU
		{C0D2430E-714D-476C-80E7-5C80A7FA68EE}.Release|OpenGL.ActiveCfg = Release|Any CPU
		{C0D2430E-714D-476C-80E7-5C80A7FA68EE}.Release|OpenGL.Build.0 = Release|Any CPU
		{C0D2430E-714D-476C-80E7-5C80A7FA68EE}.Release|x86.ActiveCfg = Release|Any CPU
		{C0D2430E-714D-476C-80E7-5C80A7FA68EE}.Release|Xna.ActiveCfg = Release|Any CPU
		{C0D2430E-714D-476C-80E7-5C80A7FA68EE}.Release|Xna.Build.0 = Release|Any CPU
		{9F4E86DD-9FDD-4C6B-8B28-19ED35C1D768}.Debug|Any CPU.ActiveCfg = Debug|Any CPU
		{9F4E86DD-9FDD-4C6B-8B28-19ED35C1D768}.Debug|Any CPU.Build.0 = Debug|Any CPU
		{9F4E86DD-9FDD-4C6B-8B28-19ED35C1D768}.Debug|DirectX.ActiveCfg = Debug|Any CPU
		{9F4E86DD-9FDD-4C6B-8B28-19ED35C1D768}.Debug|DirectX.Build.0 = Debug|Any CPU
		{9F4E86DD-9FDD-4C6B-8B28-19ED35C1D768}.Debug|OpenGL.ActiveCfg = Debug|Any CPU
		{9F4E86DD-9FDD-4C6B-8B28-19ED35C1D768}.Debug|x86.ActiveCfg = Debug|Any CPU
		{9F4E86DD-9FDD-4C6B-8B28-19ED35C1D768}.Debug|Xna.ActiveCfg = Debug|Any CPU
		{9F4E86DD-9FDD-4C6B-8B28-19ED35C1D768}.Release|Any CPU.ActiveCfg = Release|Any CPU
		{9F4E86DD-9FDD-4C6B-8B28-19ED35C1D768}.Release|Any CPU.Build.0 = Release|Any CPU
		{9F4E86DD-9FDD-4C6B-8B28-19ED35C1D768}.Release|DirectX.ActiveCfg = Release|Any CPU
		{9F4E86DD-9FDD-4C6B-8B28-19ED35C1D768}.Release|DirectX.Build.0 = Release|Any CPU
		{9F4E86DD-9FDD-4C6B-8B28-19ED35C1D768}.Release|OpenGL.ActiveCfg = Release|Any CPU
		{9F4E86DD-9FDD-4C6B-8B28-19ED35C1D768}.Release|x86.ActiveCfg = Release|Any CPU
		{9F4E86DD-9FDD-4C6B-8B28-19ED35C1D768}.Release|Xna.ActiveCfg = Release|Any CPU
		{5D28C1B5-43AD-4E69-840D-B068C3844589}.Debug|Any CPU.ActiveCfg = Debug|Any CPU
		{5D28C1B5-43AD-4E69-840D-B068C3844589}.Debug|Any CPU.Build.0 = Debug|Any CPU
		{5D28C1B5-43AD-4E69-840D-B068C3844589}.Debug|DirectX.ActiveCfg = Debug|Any CPU
		{5D28C1B5-43AD-4E69-840D-B068C3844589}.Debug|OpenGL.ActiveCfg = Debug|Any CPU
		{5D28C1B5-43AD-4E69-840D-B068C3844589}.Debug|x86.ActiveCfg = Debug|Any CPU
		{5D28C1B5-43AD-4E69-840D-B068C3844589}.Debug|Xna.ActiveCfg = Debug|Any CPU
		{5D28C1B5-43AD-4E69-840D-B068C3844589}.Debug|Xna.Build.0 = Debug|Any CPU
		{5D28C1B5-43AD-4E69-840D-B068C3844589}.Release|Any CPU.ActiveCfg = Release|Any CPU
		{5D28C1B5-43AD-4E69-840D-B068C3844589}.Release|Any CPU.Build.0 = Release|Any CPU
		{5D28C1B5-43AD-4E69-840D-B068C3844589}.Release|DirectX.ActiveCfg = Release|Any CPU
		{5D28C1B5-43AD-4E69-840D-B068C3844589}.Release|OpenGL.ActiveCfg = Release|Any CPU
		{5D28C1B5-43AD-4E69-840D-B068C3844589}.Release|x86.ActiveCfg = Release|Any CPU
		{5D28C1B5-43AD-4E69-840D-B068C3844589}.Release|Xna.ActiveCfg = Release|Any CPU
		{5D28C1B5-43AD-4E69-840D-B068C3844589}.Release|Xna.Build.0 = Release|Any CPU
		{6016ABB8-05F5-4A07-8FBA-16576277DDE7}.Debug|Any CPU.ActiveCfg = Debug|Any CPU
		{6016ABB8-05F5-4A07-8FBA-16576277DDE7}.Debug|Any CPU.Build.0 = Debug|Any CPU
		{6016ABB8-05F5-4A07-8FBA-16576277DDE7}.Debug|DirectX.ActiveCfg = Debug|Any CPU
		{6016ABB8-05F5-4A07-8FBA-16576277DDE7}.Debug|DirectX.Build.0 = Debug|Any CPU
		{6016ABB8-05F5-4A07-8FBA-16576277DDE7}.Debug|OpenGL.ActiveCfg = Debug|Any CPU
		{6016ABB8-05F5-4A07-8FBA-16576277DDE7}.Debug|OpenGL.Build.0 = Debug|Any CPU
		{6016ABB8-05F5-4A07-8FBA-16576277DDE7}.Debug|x86.ActiveCfg = Debug|Any CPU
		{6016ABB8-05F5-4A07-8FBA-16576277DDE7}.Debug|Xna.ActiveCfg = Debug|Any CPU
		{6016ABB8-05F5-4A07-8FBA-16576277DDE7}.Debug|Xna.Build.0 = Debug|Any CPU
		{6016ABB8-05F5-4A07-8FBA-16576277DDE7}.Release|Any CPU.ActiveCfg = Release|Any CPU
		{6016ABB8-05F5-4A07-8FBA-16576277DDE7}.Release|Any CPU.Build.0 = Release|Any CPU
		{6016ABB8-05F5-4A07-8FBA-16576277DDE7}.Release|DirectX.ActiveCfg = Release|Any CPU
		{6016ABB8-05F5-4A07-8FBA-16576277DDE7}.Release|DirectX.Build.0 = Release|Any CPU
		{6016ABB8-05F5-4A07-8FBA-16576277DDE7}.Release|OpenGL.ActiveCfg = Release|Any CPU
		{6016ABB8-05F5-4A07-8FBA-16576277DDE7}.Release|OpenGL.Build.0 = Release|Any CPU
		{6016ABB8-05F5-4A07-8FBA-16576277DDE7}.Release|x86.ActiveCfg = Release|Any CPU
		{6016ABB8-05F5-4A07-8FBA-16576277DDE7}.Release|Xna.ActiveCfg = Release|Any CPU
		{6016ABB8-05F5-4A07-8FBA-16576277DDE7}.Release|Xna.Build.0 = Release|Any CPU
		{D0C8456F-A4AC-4B6E-92AB-F71B0D19B01C}.Debug|Any CPU.ActiveCfg = Debug|Any CPU
		{D0C8456F-A4AC-4B6E-92AB-F71B0D19B01C}.Debug|Any CPU.Build.0 = Debug|Any CPU
		{D0C8456F-A4AC-4B6E-92AB-F71B0D19B01C}.Debug|DirectX.ActiveCfg = Debug|Any CPU
		{D0C8456F-A4AC-4B6E-92AB-F71B0D19B01C}.Debug|DirectX.Build.0 = Debug|Any CPU
		{D0C8456F-A4AC-4B6E-92AB-F71B0D19B01C}.Debug|OpenGL.ActiveCfg = Debug|Any CPU
		{D0C8456F-A4AC-4B6E-92AB-F71B0D19B01C}.Debug|OpenGL.Build.0 = Debug|Any CPU
		{D0C8456F-A4AC-4B6E-92AB-F71B0D19B01C}.Debug|x86.ActiveCfg = Debug|Any CPU
		{D0C8456F-A4AC-4B6E-92AB-F71B0D19B01C}.Debug|Xna.ActiveCfg = Debug|Any CPU
		{D0C8456F-A4AC-4B6E-92AB-F71B0D19B01C}.Debug|Xna.Build.0 = Debug|Any CPU
		{D0C8456F-A4AC-4B6E-92AB-F71B0D19B01C}.Release|Any CPU.ActiveCfg = Release|Any CPU
		{D0C8456F-A4AC-4B6E-92AB-F71B0D19B01C}.Release|Any CPU.Build.0 = Release|Any CPU
		{D0C8456F-A4AC-4B6E-92AB-F71B0D19B01C}.Release|DirectX.ActiveCfg = Release|Any CPU
		{D0C8456F-A4AC-4B6E-92AB-F71B0D19B01C}.Release|DirectX.Build.0 = Release|Any CPU
		{D0C8456F-A4AC-4B6E-92AB-F71B0D19B01C}.Release|OpenGL.ActiveCfg = Release|Any CPU
		{D0C8456F-A4AC-4B6E-92AB-F71B0D19B01C}.Release|OpenGL.Build.0 = Release|Any CPU
		{D0C8456F-A4AC-4B6E-92AB-F71B0D19B01C}.Release|x86.ActiveCfg = Release|Any CPU
		{D0C8456F-A4AC-4B6E-92AB-F71B0D19B01C}.Release|Xna.ActiveCfg = Release|Any CPU
		{D0C8456F-A4AC-4B6E-92AB-F71B0D19B01C}.Release|Xna.Build.0 = Release|Any CPU
		{70773E53-5D8E-4218-8AFA-0A07E48FD4A2}.Debug|Any CPU.ActiveCfg = Debug|Any CPU
		{70773E53-5D8E-4218-8AFA-0A07E48FD4A2}.Debug|Any CPU.Build.0 = Debug|Any CPU
		{70773E53-5D8E-4218-8AFA-0A07E48FD4A2}.Debug|DirectX.ActiveCfg = Debug|Any CPU
		{70773E53-5D8E-4218-8AFA-0A07E48FD4A2}.Debug|OpenGL.ActiveCfg = Debug|Any CPU
		{70773E53-5D8E-4218-8AFA-0A07E48FD4A2}.Debug|x86.ActiveCfg = Debug|Any CPU
		{70773E53-5D8E-4218-8AFA-0A07E48FD4A2}.Debug|Xna.ActiveCfg = Debug|Any CPU
		{70773E53-5D8E-4218-8AFA-0A07E48FD4A2}.Debug|Xna.Build.0 = Debug|Any CPU
		{70773E53-5D8E-4218-8AFA-0A07E48FD4A2}.Release|Any CPU.ActiveCfg = Release|Any CPU
		{70773E53-5D8E-4218-8AFA-0A07E48FD4A2}.Release|Any CPU.Build.0 = Release|Any CPU
		{70773E53-5D8E-4218-8AFA-0A07E48FD4A2}.Release|DirectX.ActiveCfg = Release|Any CPU
		{70773E53-5D8E-4218-8AFA-0A07E48FD4A2}.Release|OpenGL.ActiveCfg = Release|Any CPU
		{70773E53-5D8E-4218-8AFA-0A07E48FD4A2}.Release|x86.ActiveCfg = Release|Any CPU
		{70773E53-5D8E-4218-8AFA-0A07E48FD4A2}.Release|Xna.ActiveCfg = Release|Any CPU
		{70773E53-5D8E-4218-8AFA-0A07E48FD4A2}.Release|Xna.Build.0 = Release|Any CPU
		{7D6C8627-CF35-4E3F-A3FE-1600327437C7}.Debug|Any CPU.ActiveCfg = Debug|Any CPU
		{7D6C8627-CF35-4E3F-A3FE-1600327437C7}.Debug|Any CPU.Build.0 = Debug|Any CPU
		{7D6C8627-CF35-4E3F-A3FE-1600327437C7}.Debug|DirectX.ActiveCfg = Debug|Any CPU
		{7D6C8627-CF35-4E3F-A3FE-1600327437C7}.Debug|DirectX.Build.0 = Debug|Any CPU
		{7D6C8627-CF35-4E3F-A3FE-1600327437C7}.Debug|OpenGL.ActiveCfg = Debug|Any CPU
		{7D6C8627-CF35-4E3F-A3FE-1600327437C7}.Debug|x86.ActiveCfg = Debug|Any CPU
		{7D6C8627-CF35-4E3F-A3FE-1600327437C7}.Debug|Xna.ActiveCfg = Debug|Any CPU
		{7D6C8627-CF35-4E3F-A3FE-1600327437C7}.Release|Any CPU.ActiveCfg = Release|Any CPU
		{7D6C8627-CF35-4E3F-A3FE-1600327437C7}.Release|Any CPU.Build.0 = Release|Any CPU
		{7D6C8627-CF35-4E3F-A3FE-1600327437C7}.Release|DirectX.ActiveCfg = Release|Any CPU
		{7D6C8627-CF35-4E3F-A3FE-1600327437C7}.Release|DirectX.Build.0 = Release|Any CPU
		{7D6C8627-CF35-4E3F-A3FE-1600327437C7}.Release|OpenGL.ActiveCfg = Release|Any CPU
		{7D6C8627-CF35-4E3F-A3FE-1600327437C7}.Release|x86.ActiveCfg = Release|Any CPU
		{7D6C8627-CF35-4E3F-A3FE-1600327437C7}.Release|Xna.ActiveCfg = Release|Any CPU
		{138A40B5-3D80-4BA3-BD84-D82C151EE7FE}.Debug|Any CPU.ActiveCfg = Debug|Any CPU
		{138A40B5-3D80-4BA3-BD84-D82C151EE7FE}.Debug|Any CPU.Build.0 = Debug|Any CPU
		{138A40B5-3D80-4BA3-BD84-D82C151EE7FE}.Debug|DirectX.ActiveCfg = Debug|Any CPU
		{138A40B5-3D80-4BA3-BD84-D82C151EE7FE}.Debug|DirectX.Build.0 = Debug|Any CPU
		{138A40B5-3D80-4BA3-BD84-D82C151EE7FE}.Debug|OpenGL.ActiveCfg = Debug|Any CPU
		{138A40B5-3D80-4BA3-BD84-D82C151EE7FE}.Debug|OpenGL.Build.0 = Debug|Any CPU
		{138A40B5-3D80-4BA3-BD84-D82C151EE7FE}.Debug|x86.ActiveCfg = Debug|Any CPU
		{138A40B5-3D80-4BA3-BD84-D82C151EE7FE}.Debug|Xna.ActiveCfg = Debug|Any CPU
		{138A40B5-3D80-4BA3-BD84-D82C151EE7FE}.Debug|Xna.Build.0 = Debug|Any CPU
		{138A40B5-3D80-4BA3-BD84-D82C151EE7FE}.Release|Any CPU.ActiveCfg = Release|Any CPU
		{138A40B5-3D80-4BA3-BD84-D82C151EE7FE}.Release|Any CPU.Build.0 = Release|Any CPU
		{138A40B5-3D80-4BA3-BD84-D82C151EE7FE}.Release|DirectX.ActiveCfg = Release|Any CPU
		{138A40B5-3D80-4BA3-BD84-D82C151EE7FE}.Release|DirectX.Build.0 = Release|Any CPU
		{138A40B5-3D80-4BA3-BD84-D82C151EE7FE}.Release|OpenGL.ActiveCfg = Release|Any CPU
		{138A40B5-3D80-4BA3-BD84-D82C151EE7FE}.Release|OpenGL.Build.0 = Release|Any CPU
		{138A40B5-3D80-4BA3-BD84-D82C151EE7FE}.Release|x86.ActiveCfg = Release|Any CPU
		{138A40B5-3D80-4BA3-BD84-D82C151EE7FE}.Release|Xna.ActiveCfg = Release|Any CPU
		{138A40B5-3D80-4BA3-BD84-D82C151EE7FE}.Release|Xna.Build.0 = Release|Any CPU
		{B528E84A-12F3-4981-B749-B3FE19937345}.Debug|Any CPU.ActiveCfg = Debug|Any CPU
		{B528E84A-12F3-4981-B749-B3FE19937345}.Debug|Any CPU.Build.0 = Debug|Any CPU
		{B528E84A-12F3-4981-B749-B3FE19937345}.Debug|DirectX.ActiveCfg = Debug|Any CPU
		{B528E84A-12F3-4981-B749-B3FE19937345}.Debug|DirectX.Build.0 = Debug|Any CPU
		{B528E84A-12F3-4981-B749-B3FE19937345}.Debug|OpenGL.ActiveCfg = Debug|Any CPU
		{B528E84A-12F3-4981-B749-B3FE19937345}.Debug|OpenGL.Build.0 = Debug|Any CPU
		{B528E84A-12F3-4981-B749-B3FE19937345}.Debug|x86.ActiveCfg = Debug|Any CPU
		{B528E84A-12F3-4981-B749-B3FE19937345}.Debug|Xna.ActiveCfg = Debug|Any CPU
		{B528E84A-12F3-4981-B749-B3FE19937345}.Debug|Xna.Build.0 = Debug|Any CPU
		{B528E84A-12F3-4981-B749-B3FE19937345}.Release|Any CPU.ActiveCfg = Release|Any CPU
		{B528E84A-12F3-4981-B749-B3FE19937345}.Release|Any CPU.Build.0 = Release|Any CPU
		{B528E84A-12F3-4981-B749-B3FE19937345}.Release|DirectX.ActiveCfg = Release|Any CPU
		{B528E84A-12F3-4981-B749-B3FE19937345}.Release|DirectX.Build.0 = Release|Any CPU
		{B528E84A-12F3-4981-B749-B3FE19937345}.Release|OpenGL.ActiveCfg = Release|Any CPU
		{B528E84A-12F3-4981-B749-B3FE19937345}.Release|OpenGL.Build.0 = Release|Any CPU
		{B528E84A-12F3-4981-B749-B3FE19937345}.Release|x86.ActiveCfg = Release|Any CPU
		{B528E84A-12F3-4981-B749-B3FE19937345}.Release|Xna.ActiveCfg = Release|Any CPU
		{B528E84A-12F3-4981-B749-B3FE19937345}.Release|Xna.Build.0 = Release|Any CPU
		{5231706E-2955-43BF-9C06-291E12AF5C5C}.Debug|Any CPU.ActiveCfg = Debug|Any CPU
		{5231706E-2955-43BF-9C06-291E12AF5C5C}.Debug|Any CPU.Build.0 = Debug|Any CPU
		{5231706E-2955-43BF-9C06-291E12AF5C5C}.Debug|DirectX.ActiveCfg = Debug|Any CPU
		{5231706E-2955-43BF-9C06-291E12AF5C5C}.Debug|OpenGL.ActiveCfg = Debug|Any CPU
		{5231706E-2955-43BF-9C06-291E12AF5C5C}.Debug|x86.ActiveCfg = Debug|Any CPU
		{5231706E-2955-43BF-9C06-291E12AF5C5C}.Debug|Xna.ActiveCfg = Debug|Any CPU
		{5231706E-2955-43BF-9C06-291E12AF5C5C}.Release|Any CPU.ActiveCfg = Release|Any CPU
		{5231706E-2955-43BF-9C06-291E12AF5C5C}.Release|Any CPU.Build.0 = Release|Any CPU
		{5231706E-2955-43BF-9C06-291E12AF5C5C}.Release|DirectX.ActiveCfg = Release|Any CPU
		{5231706E-2955-43BF-9C06-291E12AF5C5C}.Release|DirectX.Build.0 = Release|Any CPU
		{5231706E-2955-43BF-9C06-291E12AF5C5C}.Release|OpenGL.ActiveCfg = Release|Any CPU
		{5231706E-2955-43BF-9C06-291E12AF5C5C}.Release|OpenGL.Build.0 = Release|Any CPU
		{5231706E-2955-43BF-9C06-291E12AF5C5C}.Release|x86.ActiveCfg = Release|Any CPU
		{5231706E-2955-43BF-9C06-291E12AF5C5C}.Release|Xna.ActiveCfg = Release|Any CPU
		{5231706E-2955-43BF-9C06-291E12AF5C5C}.Release|Xna.Build.0 = Release|Any CPU
		{7C7FA004-D9FB-4B55-9E88-6FB8716B7A1F}.Debug|Any CPU.ActiveCfg = Debug|Any CPU
		{7C7FA004-D9FB-4B55-9E88-6FB8716B7A1F}.Debug|Any CPU.Build.0 = Debug|Any CPU
		{7C7FA004-D9FB-4B55-9E88-6FB8716B7A1F}.Debug|DirectX.ActiveCfg = Debug|Any CPU
		{7C7FA004-D9FB-4B55-9E88-6FB8716B7A1F}.Debug|OpenGL.ActiveCfg = Debug|Any CPU
		{7C7FA004-D9FB-4B55-9E88-6FB8716B7A1F}.Debug|x86.ActiveCfg = Debug|Any CPU
		{7C7FA004-D9FB-4B55-9E88-6FB8716B7A1F}.Debug|Xna.ActiveCfg = Debug|Any CPU
		{7C7FA004-D9FB-4B55-9E88-6FB8716B7A1F}.Release|Any CPU.ActiveCfg = Release|Any CPU
		{7C7FA004-D9FB-4B55-9E88-6FB8716B7A1F}.Release|Any CPU.Build.0 = Release|Any CPU
		{7C7FA004-D9FB-4B55-9E88-6FB8716B7A1F}.Release|DirectX.ActiveCfg = Release|Any CPU
		{7C7FA004-D9FB-4B55-9E88-6FB8716B7A1F}.Release|DirectX.Build.0 = Release|Any CPU
		{7C7FA004-D9FB-4B55-9E88-6FB8716B7A1F}.Release|OpenGL.ActiveCfg = Release|Any CPU
		{7C7FA004-D9FB-4B55-9E88-6FB8716B7A1F}.Release|OpenGL.Build.0 = Release|Any CPU
		{7C7FA004-D9FB-4B55-9E88-6FB8716B7A1F}.Release|x86.ActiveCfg = Release|Any CPU
		{7C7FA004-D9FB-4B55-9E88-6FB8716B7A1F}.Release|Xna.ActiveCfg = Release|Any CPU
		{7C7FA004-D9FB-4B55-9E88-6FB8716B7A1F}.Release|Xna.Build.0 = Release|Any CPU
		{9E085AB9-B4DE-4815-BD90-D975C75DFE94}.Debug|Any CPU.ActiveCfg = Debug|Any CPU
		{9E085AB9-B4DE-4815-BD90-D975C75DFE94}.Debug|Any CPU.Build.0 = Debug|Any CPU
		{9E085AB9-B4DE-4815-BD90-D975C75DFE94}.Debug|DirectX.ActiveCfg = Debug|Any CPU
		{9E085AB9-B4DE-4815-BD90-D975C75DFE94}.Debug|OpenGL.ActiveCfg = Debug|Any CPU
		{9E085AB9-B4DE-4815-BD90-D975C75DFE94}.Debug|x86.ActiveCfg = Debug|Any CPU
		{9E085AB9-B4DE-4815-BD90-D975C75DFE94}.Debug|Xna.ActiveCfg = Debug|Any CPU
		{9E085AB9-B4DE-4815-BD90-D975C75DFE94}.Release|Any CPU.ActiveCfg = Release|Any CPU
		{9E085AB9-B4DE-4815-BD90-D975C75DFE94}.Release|Any CPU.Build.0 = Release|Any CPU
		{9E085AB9-B4DE-4815-BD90-D975C75DFE94}.Release|DirectX.ActiveCfg = Release|Any CPU
		{9E085AB9-B4DE-4815-BD90-D975C75DFE94}.Release|DirectX.Build.0 = Release|Any CPU
		{9E085AB9-B4DE-4815-BD90-D975C75DFE94}.Release|OpenGL.ActiveCfg = Release|Any CPU
		{9E085AB9-B4DE-4815-BD90-D975C75DFE94}.Release|OpenGL.Build.0 = Release|Any CPU
		{9E085AB9-B4DE-4815-BD90-D975C75DFE94}.Release|x86.ActiveCfg = Release|Any CPU
		{9E085AB9-B4DE-4815-BD90-D975C75DFE94}.Release|Xna.ActiveCfg = Release|Any CPU
		{9E085AB9-B4DE-4815-BD90-D975C75DFE94}.Release|Xna.Build.0 = Release|Any CPU
		{DBA0B46A-C6C3-4BA7-A0D1-10F07ACF6259}.Debug|Any CPU.ActiveCfg = Debug|Any CPU
		{DBA0B46A-C6C3-4BA7-A0D1-10F07ACF6259}.Debug|Any CPU.Build.0 = Debug|Any CPU
		{DBA0B46A-C6C3-4BA7-A0D1-10F07ACF6259}.Debug|DirectX.ActiveCfg = Debug|Any CPU
		{DBA0B46A-C6C3-4BA7-A0D1-10F07ACF6259}.Debug|OpenGL.ActiveCfg = Debug|Any CPU
		{DBA0B46A-C6C3-4BA7-A0D1-10F07ACF6259}.Debug|x86.ActiveCfg = Debug|Any CPU
		{DBA0B46A-C6C3-4BA7-A0D1-10F07ACF6259}.Debug|Xna.ActiveCfg = Debug|Any CPU
		{DBA0B46A-C6C3-4BA7-A0D1-10F07ACF6259}.Release|Any CPU.ActiveCfg = Release|Any CPU
		{DBA0B46A-C6C3-4BA7-A0D1-10F07ACF6259}.Release|Any CPU.Build.0 = Release|Any CPU
		{DBA0B46A-C6C3-4BA7-A0D1-10F07ACF6259}.Release|DirectX.ActiveCfg = Release|Any CPU
		{DBA0B46A-C6C3-4BA7-A0D1-10F07ACF6259}.Release|DirectX.Build.0 = Release|Any CPU
		{DBA0B46A-C6C3-4BA7-A0D1-10F07ACF6259}.Release|OpenGL.ActiveCfg = Release|Any CPU
		{DBA0B46A-C6C3-4BA7-A0D1-10F07ACF6259}.Release|OpenGL.Build.0 = Release|Any CPU
		{DBA0B46A-C6C3-4BA7-A0D1-10F07ACF6259}.Release|x86.ActiveCfg = Release|Any CPU
		{DBA0B46A-C6C3-4BA7-A0D1-10F07ACF6259}.Release|Xna.ActiveCfg = Release|Any CPU
		{DBA0B46A-C6C3-4BA7-A0D1-10F07ACF6259}.Release|Xna.Build.0 = Release|Any CPU
		{E4440567-3D5D-4670-AB49-8163B18E302E}.Debug|Any CPU.ActiveCfg = Debug|Any CPU
		{E4440567-3D5D-4670-AB49-8163B18E302E}.Debug|Any CPU.Build.0 = Debug|Any CPU
		{E4440567-3D5D-4670-AB49-8163B18E302E}.Debug|DirectX.ActiveCfg = Debug|Any CPU
		{E4440567-3D5D-4670-AB49-8163B18E302E}.Debug|OpenGL.ActiveCfg = Debug|Any CPU
		{E4440567-3D5D-4670-AB49-8163B18E302E}.Debug|x86.ActiveCfg = Debug|Any CPU
		{E4440567-3D5D-4670-AB49-8163B18E302E}.Debug|Xna.ActiveCfg = Debug|Any CPU
		{E4440567-3D5D-4670-AB49-8163B18E302E}.Release|Any CPU.ActiveCfg = Release|Any CPU
		{E4440567-3D5D-4670-AB49-8163B18E302E}.Release|Any CPU.Build.0 = Release|Any CPU
		{E4440567-3D5D-4670-AB49-8163B18E302E}.Release|DirectX.ActiveCfg = Release|Any CPU
		{E4440567-3D5D-4670-AB49-8163B18E302E}.Release|DirectX.Build.0 = Release|Any CPU
		{E4440567-3D5D-4670-AB49-8163B18E302E}.Release|OpenGL.ActiveCfg = Release|Any CPU
		{E4440567-3D5D-4670-AB49-8163B18E302E}.Release|OpenGL.Build.0 = Release|Any CPU
		{E4440567-3D5D-4670-AB49-8163B18E302E}.Release|x86.ActiveCfg = Release|Any CPU
		{E4440567-3D5D-4670-AB49-8163B18E302E}.Release|Xna.ActiveCfg = Release|Any CPU
		{E4440567-3D5D-4670-AB49-8163B18E302E}.Release|Xna.Build.0 = Release|Any CPU
		{981FA2AC-78DC-4597-A2B3-63AE8502FDB2}.Debug|Any CPU.ActiveCfg = Debug|Any CPU
		{981FA2AC-78DC-4597-A2B3-63AE8502FDB2}.Debug|Any CPU.Build.0 = Debug|Any CPU
		{981FA2AC-78DC-4597-A2B3-63AE8502FDB2}.Debug|DirectX.ActiveCfg = Debug|Any CPU
		{981FA2AC-78DC-4597-A2B3-63AE8502FDB2}.Debug|OpenGL.ActiveCfg = Debug|Any CPU
		{981FA2AC-78DC-4597-A2B3-63AE8502FDB2}.Debug|x86.ActiveCfg = Debug|Any CPU
		{981FA2AC-78DC-4597-A2B3-63AE8502FDB2}.Debug|Xna.ActiveCfg = Debug|Any CPU
		{981FA2AC-78DC-4597-A2B3-63AE8502FDB2}.Release|Any CPU.ActiveCfg = Release|Any CPU
		{981FA2AC-78DC-4597-A2B3-63AE8502FDB2}.Release|Any CPU.Build.0 = Release|Any CPU
		{981FA2AC-78DC-4597-A2B3-63AE8502FDB2}.Release|DirectX.ActiveCfg = Release|Any CPU
		{981FA2AC-78DC-4597-A2B3-63AE8502FDB2}.Release|DirectX.Build.0 = Release|Any CPU
		{981FA2AC-78DC-4597-A2B3-63AE8502FDB2}.Release|OpenGL.ActiveCfg = Release|Any CPU
		{981FA2AC-78DC-4597-A2B3-63AE8502FDB2}.Release|OpenGL.Build.0 = Release|Any CPU
		{981FA2AC-78DC-4597-A2B3-63AE8502FDB2}.Release|x86.ActiveCfg = Release|Any CPU
		{981FA2AC-78DC-4597-A2B3-63AE8502FDB2}.Release|Xna.ActiveCfg = Release|Any CPU
		{981FA2AC-78DC-4597-A2B3-63AE8502FDB2}.Release|Xna.Build.0 = Release|Any CPU
		{03C2EB6A-826D-4D24-BE10-244B20CCD1D8}.Debug|Any CPU.ActiveCfg = Debug|Any CPU
		{03C2EB6A-826D-4D24-BE10-244B20CCD1D8}.Debug|Any CPU.Build.0 = Debug|Any CPU
		{03C2EB6A-826D-4D24-BE10-244B20CCD1D8}.Debug|DirectX.ActiveCfg = Debug|Any CPU
		{03C2EB6A-826D-4D24-BE10-244B20CCD1D8}.Debug|OpenGL.ActiveCfg = Debug|Any CPU
		{03C2EB6A-826D-4D24-BE10-244B20CCD1D8}.Debug|x86.ActiveCfg = Debug|Any CPU
		{03C2EB6A-826D-4D24-BE10-244B20CCD1D8}.Debug|Xna.ActiveCfg = Debug|Any CPU
		{03C2EB6A-826D-4D24-BE10-244B20CCD1D8}.Release|Any CPU.ActiveCfg = Release|Any CPU
		{03C2EB6A-826D-4D24-BE10-244B20CCD1D8}.Release|Any CPU.Build.0 = Release|Any CPU
		{03C2EB6A-826D-4D24-BE10-244B20CCD1D8}.Release|DirectX.ActiveCfg = Release|Any CPU
		{03C2EB6A-826D-4D24-BE10-244B20CCD1D8}.Release|DirectX.Build.0 = Release|Any CPU
		{03C2EB6A-826D-4D24-BE10-244B20CCD1D8}.Release|OpenGL.ActiveCfg = Release|Any CPU
		{03C2EB6A-826D-4D24-BE10-244B20CCD1D8}.Release|OpenGL.Build.0 = Release|Any CPU
		{03C2EB6A-826D-4D24-BE10-244B20CCD1D8}.Release|x86.ActiveCfg = Release|Any CPU
		{03C2EB6A-826D-4D24-BE10-244B20CCD1D8}.Release|Xna.ActiveCfg = Release|Any CPU
		{03C2EB6A-826D-4D24-BE10-244B20CCD1D8}.Release|Xna.Build.0 = Release|Any CPU
		{8FC2D043-C46F-4835-880E-6190140F0D43}.Debug|Any CPU.ActiveCfg = Debug|Any CPU
		{8FC2D043-C46F-4835-880E-6190140F0D43}.Debug|Any CPU.Build.0 = Debug|Any CPU
		{8FC2D043-C46F-4835-880E-6190140F0D43}.Debug|DirectX.ActiveCfg = Debug|Any CPU
		{8FC2D043-C46F-4835-880E-6190140F0D43}.Debug|OpenGL.ActiveCfg = Debug|Any CPU
		{8FC2D043-C46F-4835-880E-6190140F0D43}.Debug|x86.ActiveCfg = Debug|Any CPU
		{8FC2D043-C46F-4835-880E-6190140F0D43}.Debug|Xna.ActiveCfg = Debug|Any CPU
		{8FC2D043-C46F-4835-880E-6190140F0D43}.Release|Any CPU.ActiveCfg = Release|Any CPU
		{8FC2D043-C46F-4835-880E-6190140F0D43}.Release|Any CPU.Build.0 = Release|Any CPU
		{8FC2D043-C46F-4835-880E-6190140F0D43}.Release|DirectX.ActiveCfg = Release|Any CPU
		{8FC2D043-C46F-4835-880E-6190140F0D43}.Release|DirectX.Build.0 = Release|Any CPU
		{8FC2D043-C46F-4835-880E-6190140F0D43}.Release|OpenGL.ActiveCfg = Release|Any CPU
		{8FC2D043-C46F-4835-880E-6190140F0D43}.Release|OpenGL.Build.0 = Release|Any CPU
		{8FC2D043-C46F-4835-880E-6190140F0D43}.Release|x86.ActiveCfg = Release|Any CPU
		{8FC2D043-C46F-4835-880E-6190140F0D43}.Release|Xna.ActiveCfg = Release|Any CPU
		{8FC2D043-C46F-4835-880E-6190140F0D43}.Release|Xna.Build.0 = Release|Any CPU
		{EB455ABA-14F1-4145-86C1-0CA2BBCF157F}.Debug|Any CPU.ActiveCfg = Debug|Any CPU
		{EB455ABA-14F1-4145-86C1-0CA2BBCF157F}.Debug|Any CPU.Build.0 = Debug|Any CPU
		{EB455ABA-14F1-4145-86C1-0CA2BBCF157F}.Debug|DirectX.ActiveCfg = Debug|Any CPU
		{EB455ABA-14F1-4145-86C1-0CA2BBCF157F}.Debug|OpenGL.ActiveCfg = Debug|Any CPU
		{EB455ABA-14F1-4145-86C1-0CA2BBCF157F}.Debug|x86.ActiveCfg = Debug|Any CPU
		{EB455ABA-14F1-4145-86C1-0CA2BBCF157F}.Debug|Xna.ActiveCfg = Debug|Any CPU
		{EB455ABA-14F1-4145-86C1-0CA2BBCF157F}.Release|Any CPU.ActiveCfg = Release|Any CPU
		{EB455ABA-14F1-4145-86C1-0CA2BBCF157F}.Release|Any CPU.Build.0 = Release|Any CPU
		{EB455ABA-14F1-4145-86C1-0CA2BBCF157F}.Release|DirectX.ActiveCfg = Release|Any CPU
		{EB455ABA-14F1-4145-86C1-0CA2BBCF157F}.Release|OpenGL.ActiveCfg = Release|Any CPU
		{EB455ABA-14F1-4145-86C1-0CA2BBCF157F}.Release|OpenGL.Build.0 = Release|Any CPU
		{EB455ABA-14F1-4145-86C1-0CA2BBCF157F}.Release|x86.ActiveCfg = Release|Any CPU
		{EB455ABA-14F1-4145-86C1-0CA2BBCF157F}.Release|Xna.ActiveCfg = Release|Any CPU
		{1CF6EC3F-26C6-45E8-A3D1-8804C298BBCD}.Debug|Any CPU.ActiveCfg = Debug|Any CPU
		{1CF6EC3F-26C6-45E8-A3D1-8804C298BBCD}.Debug|Any CPU.Build.0 = Debug|Any CPU
		{1CF6EC3F-26C6-45E8-A3D1-8804C298BBCD}.Debug|DirectX.ActiveCfg = Debug|Any CPU
		{1CF6EC3F-26C6-45E8-A3D1-8804C298BBCD}.Debug|OpenGL.ActiveCfg = Debug|Any CPU
		{1CF6EC3F-26C6-45E8-A3D1-8804C298BBCD}.Debug|x86.ActiveCfg = Debug|Any CPU
		{1CF6EC3F-26C6-45E8-A3D1-8804C298BBCD}.Debug|Xna.ActiveCfg = Debug|Any CPU
		{1CF6EC3F-26C6-45E8-A3D1-8804C298BBCD}.Release|Any CPU.ActiveCfg = Release|Any CPU
		{1CF6EC3F-26C6-45E8-A3D1-8804C298BBCD}.Release|Any CPU.Build.0 = Release|Any CPU
		{1CF6EC3F-26C6-45E8-A3D1-8804C298BBCD}.Release|DirectX.ActiveCfg = Release|Any CPU
		{1CF6EC3F-26C6-45E8-A3D1-8804C298BBCD}.Release|OpenGL.ActiveCfg = Release|Any CPU
		{1CF6EC3F-26C6-45E8-A3D1-8804C298BBCD}.Release|x86.ActiveCfg = Release|Any CPU
		{1CF6EC3F-26C6-45E8-A3D1-8804C298BBCD}.Release|Xna.ActiveCfg = Release|Any CPU
		{1CF6EC3F-26C6-45E8-A3D1-8804C298BBCD}.Release|Xna.Build.0 = Release|Any CPU
		{B81DEDE2-E786-437E-A3AF-82AEBE0D6D25}.Debug|Any CPU.ActiveCfg = Debug|Any CPU
		{B81DEDE2-E786-437E-A3AF-82AEBE0D6D25}.Debug|Any CPU.Build.0 = Debug|Any CPU
		{B81DEDE2-E786-437E-A3AF-82AEBE0D6D25}.Debug|DirectX.ActiveCfg = Debug|Any CPU
		{B81DEDE2-E786-437E-A3AF-82AEBE0D6D25}.Debug|OpenGL.ActiveCfg = Debug|Any CPU
		{B81DEDE2-E786-437E-A3AF-82AEBE0D6D25}.Debug|x86.ActiveCfg = Debug|Any CPU
		{B81DEDE2-E786-437E-A3AF-82AEBE0D6D25}.Debug|Xna.ActiveCfg = Debug|Any CPU
		{B81DEDE2-E786-437E-A3AF-82AEBE0D6D25}.Release|Any CPU.ActiveCfg = Release|Any CPU
		{B81DEDE2-E786-437E-A3AF-82AEBE0D6D25}.Release|Any CPU.Build.0 = Release|Any CPU
		{B81DEDE2-E786-437E-A3AF-82AEBE0D6D25}.Release|DirectX.ActiveCfg = Release|Any CPU
		{B81DEDE2-E786-437E-A3AF-82AEBE0D6D25}.Release|DirectX.Build.0 = Release|Any CPU
		{B81DEDE2-E786-437E-A3AF-82AEBE0D6D25}.Release|OpenGL.ActiveCfg = Release|Any CPU
		{B81DEDE2-E786-437E-A3AF-82AEBE0D6D25}.Release|x86.ActiveCfg = Release|Any CPU
		{B81DEDE2-E786-437E-A3AF-82AEBE0D6D25}.Release|Xna.ActiveCfg = Release|Any CPU
		{C3675561-87CA-4BE1-BAD0-852308ADD851}.Debug|Any CPU.ActiveCfg = Debug|Any CPU
		{C3675561-87CA-4BE1-BAD0-852308ADD851}.Debug|Any CPU.Build.0 = Debug|Any CPU
		{C3675561-87CA-4BE1-BAD0-852308ADD851}.Debug|DirectX.ActiveCfg = Debug|Any CPU
		{C3675561-87CA-4BE1-BAD0-852308ADD851}.Debug|OpenGL.ActiveCfg = Debug|Any CPU
		{C3675561-87CA-4BE1-BAD0-852308ADD851}.Debug|x86.ActiveCfg = Debug|Any CPU
		{C3675561-87CA-4BE1-BAD0-852308ADD851}.Debug|Xna.ActiveCfg = Debug|Any CPU
		{C3675561-87CA-4BE1-BAD0-852308ADD851}.Release|Any CPU.ActiveCfg = Release|Any CPU
		{C3675561-87CA-4BE1-BAD0-852308ADD851}.Release|Any CPU.Build.0 = Release|Any CPU
		{C3675561-87CA-4BE1-BAD0-852308ADD851}.Release|DirectX.ActiveCfg = Release|Any CPU
		{C3675561-87CA-4BE1-BAD0-852308ADD851}.Release|DirectX.Build.0 = Release|Any CPU
		{C3675561-87CA-4BE1-BAD0-852308ADD851}.Release|OpenGL.ActiveCfg = Release|Any CPU
		{C3675561-87CA-4BE1-BAD0-852308ADD851}.Release|OpenGL.Build.0 = Release|Any CPU
		{C3675561-87CA-4BE1-BAD0-852308ADD851}.Release|x86.ActiveCfg = Release|Any CPU
		{C3675561-87CA-4BE1-BAD0-852308ADD851}.Release|Xna.ActiveCfg = Release|Any CPU
		{C3675561-87CA-4BE1-BAD0-852308ADD851}.Release|Xna.Build.0 = Release|Any CPU
		{32665D04-5A07-4F99-9E20-0639CD1C1D6D}.Debug|Any CPU.ActiveCfg = Debug|Any CPU
		{32665D04-5A07-4F99-9E20-0639CD1C1D6D}.Debug|Any CPU.Build.0 = Debug|Any CPU
		{32665D04-5A07-4F99-9E20-0639CD1C1D6D}.Debug|DirectX.ActiveCfg = Debug|Any CPU
		{32665D04-5A07-4F99-9E20-0639CD1C1D6D}.Debug|OpenGL.ActiveCfg = Debug|Any CPU
		{32665D04-5A07-4F99-9E20-0639CD1C1D6D}.Debug|x86.ActiveCfg = Debug|Any CPU
		{32665D04-5A07-4F99-9E20-0639CD1C1D6D}.Debug|Xna.ActiveCfg = Debug|Any CPU
		{32665D04-5A07-4F99-9E20-0639CD1C1D6D}.Release|Any CPU.ActiveCfg = Release|Any CPU
		{32665D04-5A07-4F99-9E20-0639CD1C1D6D}.Release|Any CPU.Build.0 = Release|Any CPU
		{32665D04-5A07-4F99-9E20-0639CD1C1D6D}.Release|DirectX.ActiveCfg = Release|Any CPU
		{32665D04-5A07-4F99-9E20-0639CD1C1D6D}.Release|OpenGL.ActiveCfg = Release|Any CPU
		{32665D04-5A07-4F99-9E20-0639CD1C1D6D}.Release|OpenGL.Build.0 = Release|Any CPU
		{32665D04-5A07-4F99-9E20-0639CD1C1D6D}.Release|x86.ActiveCfg = Release|Any CPU
		{32665D04-5A07-4F99-9E20-0639CD1C1D6D}.Release|Xna.ActiveCfg = Release|Any CPU
		{75BB4C75-DE36-47B3-9910-10EA8E8973B7}.Debug|Any CPU.ActiveCfg = Debug|Any CPU
		{75BB4C75-DE36-47B3-9910-10EA8E8973B7}.Debug|Any CPU.Build.0 = Debug|Any CPU
		{75BB4C75-DE36-47B3-9910-10EA8E8973B7}.Debug|DirectX.ActiveCfg = Debug|Any CPU
		{75BB4C75-DE36-47B3-9910-10EA8E8973B7}.Debug|OpenGL.ActiveCfg = Debug|Any CPU
		{75BB4C75-DE36-47B3-9910-10EA8E8973B7}.Debug|x86.ActiveCfg = Debug|Any CPU
		{75BB4C75-DE36-47B3-9910-10EA8E8973B7}.Debug|Xna.ActiveCfg = Debug|Any CPU
		{75BB4C75-DE36-47B3-9910-10EA8E8973B7}.Release|Any CPU.ActiveCfg = Release|Any CPU
		{75BB4C75-DE36-47B3-9910-10EA8E8973B7}.Release|Any CPU.Build.0 = Release|Any CPU
		{75BB4C75-DE36-47B3-9910-10EA8E8973B7}.Release|DirectX.ActiveCfg = Release|Any CPU
		{75BB4C75-DE36-47B3-9910-10EA8E8973B7}.Release|OpenGL.ActiveCfg = Release|Any CPU
		{75BB4C75-DE36-47B3-9910-10EA8E8973B7}.Release|x86.ActiveCfg = Release|Any CPU
		{75BB4C75-DE36-47B3-9910-10EA8E8973B7}.Release|Xna.ActiveCfg = Release|Any CPU
		{E9A37628-13C4-467D-A802-D517A89920C3}.Debug|Any CPU.ActiveCfg = Debug|Any CPU
		{E9A37628-13C4-467D-A802-D517A89920C3}.Debug|Any CPU.Build.0 = Debug|Any CPU
		{E9A37628-13C4-467D-A802-D517A89920C3}.Debug|DirectX.ActiveCfg = Debug|Any CPU
		{E9A37628-13C4-467D-A802-D517A89920C3}.Debug|OpenGL.ActiveCfg = Debug|Any CPU
		{E9A37628-13C4-467D-A802-D517A89920C3}.Debug|x86.ActiveCfg = Debug|Any CPU
		{E9A37628-13C4-467D-A802-D517A89920C3}.Debug|Xna.ActiveCfg = Debug|Any CPU
		{E9A37628-13C4-467D-A802-D517A89920C3}.Release|Any CPU.ActiveCfg = Release|Any CPU
		{E9A37628-13C4-467D-A802-D517A89920C3}.Release|Any CPU.Build.0 = Release|Any CPU
		{E9A37628-13C4-467D-A802-D517A89920C3}.Release|DirectX.ActiveCfg = Release|Any CPU
		{E9A37628-13C4-467D-A802-D517A89920C3}.Release|OpenGL.ActiveCfg = Release|Any CPU
		{E9A37628-13C4-467D-A802-D517A89920C3}.Release|x86.ActiveCfg = Release|Any CPU
		{E9A37628-13C4-467D-A802-D517A89920C3}.Release|Xna.ActiveCfg = Release|Any CPU
		{82B25FA6-7215-4FE3-8F8C-94DFC5F9BDB8}.Debug|Any CPU.ActiveCfg = Debug|Any CPU
		{82B25FA6-7215-4FE3-8F8C-94DFC5F9BDB8}.Debug|Any CPU.Build.0 = Debug|Any CPU
		{82B25FA6-7215-4FE3-8F8C-94DFC5F9BDB8}.Debug|DirectX.ActiveCfg = Debug|Any CPU
		{82B25FA6-7215-4FE3-8F8C-94DFC5F9BDB8}.Debug|OpenGL.ActiveCfg = Debug|Any CPU
		{82B25FA6-7215-4FE3-8F8C-94DFC5F9BDB8}.Debug|x86.ActiveCfg = Debug|Any CPU
		{82B25FA6-7215-4FE3-8F8C-94DFC5F9BDB8}.Debug|Xna.ActiveCfg = Debug|Any CPU
		{82B25FA6-7215-4FE3-8F8C-94DFC5F9BDB8}.Release|Any CPU.ActiveCfg = Release|Any CPU
		{82B25FA6-7215-4FE3-8F8C-94DFC5F9BDB8}.Release|Any CPU.Build.0 = Release|Any CPU
		{82B25FA6-7215-4FE3-8F8C-94DFC5F9BDB8}.Release|DirectX.ActiveCfg = Release|Any CPU
		{82B25FA6-7215-4FE3-8F8C-94DFC5F9BDB8}.Release|OpenGL.ActiveCfg = Release|Any CPU
		{82B25FA6-7215-4FE3-8F8C-94DFC5F9BDB8}.Release|x86.ActiveCfg = Release|Any CPU
		{82B25FA6-7215-4FE3-8F8C-94DFC5F9BDB8}.Release|Xna.ActiveCfg = Release|Any CPU
		{C12EBE75-67B5-4257-8A6E-C844601746E8}.Debug|Any CPU.ActiveCfg = Debug|Any CPU
		{C12EBE75-67B5-4257-8A6E-C844601746E8}.Debug|Any CPU.Build.0 = Debug|Any CPU
		{C12EBE75-67B5-4257-8A6E-C844601746E8}.Debug|DirectX.ActiveCfg = Debug|Any CPU
		{C12EBE75-67B5-4257-8A6E-C844601746E8}.Debug|OpenGL.ActiveCfg = Debug|Any CPU
		{C12EBE75-67B5-4257-8A6E-C844601746E8}.Debug|x86.ActiveCfg = Debug|Any CPU
		{C12EBE75-67B5-4257-8A6E-C844601746E8}.Debug|Xna.ActiveCfg = Debug|Any CPU
		{C12EBE75-67B5-4257-8A6E-C844601746E8}.Release|Any CPU.ActiveCfg = Release|Any CPU
		{C12EBE75-67B5-4257-8A6E-C844601746E8}.Release|Any CPU.Build.0 = Release|Any CPU
		{C12EBE75-67B5-4257-8A6E-C844601746E8}.Release|DirectX.ActiveCfg = Release|Any CPU
		{C12EBE75-67B5-4257-8A6E-C844601746E8}.Release|OpenGL.ActiveCfg = Release|Any CPU
		{C12EBE75-67B5-4257-8A6E-C844601746E8}.Release|x86.ActiveCfg = Release|Any CPU
		{C12EBE75-67B5-4257-8A6E-C844601746E8}.Release|Xna.ActiveCfg = Release|Any CPU
		{C6BA144D-59B0-41B1-8682-B092B4EFBBB1}.Debug|Any CPU.ActiveCfg = Debug|Any CPU
		{C6BA144D-59B0-41B1-8682-B092B4EFBBB1}.Debug|Any CPU.Build.0 = Debug|Any CPU
		{C6BA144D-59B0-41B1-8682-B092B4EFBBB1}.Debug|DirectX.ActiveCfg = Debug|Any CPU
		{C6BA144D-59B0-41B1-8682-B092B4EFBBB1}.Debug|OpenGL.ActiveCfg = Debug|Any CPU
		{C6BA144D-59B0-41B1-8682-B092B4EFBBB1}.Debug|x86.ActiveCfg = Debug|Any CPU
		{C6BA144D-59B0-41B1-8682-B092B4EFBBB1}.Debug|Xna.ActiveCfg = Debug|Any CPU
		{C6BA144D-59B0-41B1-8682-B092B4EFBBB1}.Release|Any CPU.ActiveCfg = Release|Any CPU
		{C6BA144D-59B0-41B1-8682-B092B4EFBBB1}.Release|Any CPU.Build.0 = Release|Any CPU
		{C6BA144D-59B0-41B1-8682-B092B4EFBBB1}.Release|DirectX.ActiveCfg = Release|Any CPU
		{C6BA144D-59B0-41B1-8682-B092B4EFBBB1}.Release|OpenGL.ActiveCfg = Release|Any CPU
		{C6BA144D-59B0-41B1-8682-B092B4EFBBB1}.Release|x86.ActiveCfg = Release|Any CPU
		{C6BA144D-59B0-41B1-8682-B092B4EFBBB1}.Release|Xna.ActiveCfg = Release|Any CPU
		{7ADF6A63-7DCC-442E-A8D0-D1443DD4A2D6}.Debug|Any CPU.ActiveCfg = Debug|Any CPU
		{7ADF6A63-7DCC-442E-A8D0-D1443DD4A2D6}.Debug|Any CPU.Build.0 = Debug|Any CPU
		{7ADF6A63-7DCC-442E-A8D0-D1443DD4A2D6}.Debug|DirectX.ActiveCfg = Debug|Any CPU
		{7ADF6A63-7DCC-442E-A8D0-D1443DD4A2D6}.Debug|OpenGL.ActiveCfg = Debug|Any CPU
		{7ADF6A63-7DCC-442E-A8D0-D1443DD4A2D6}.Debug|x86.ActiveCfg = Debug|Any CPU
		{7ADF6A63-7DCC-442E-A8D0-D1443DD4A2D6}.Debug|Xna.ActiveCfg = Debug|Any CPU
		{7ADF6A63-7DCC-442E-A8D0-D1443DD4A2D6}.Release|Any CPU.ActiveCfg = Release|Any CPU
		{7ADF6A63-7DCC-442E-A8D0-D1443DD4A2D6}.Release|Any CPU.Build.0 = Release|Any CPU
		{7ADF6A63-7DCC-442E-A8D0-D1443DD4A2D6}.Release|DirectX.ActiveCfg = Release|Any CPU
		{7ADF6A63-7DCC-442E-A8D0-D1443DD4A2D6}.Release|OpenGL.ActiveCfg = Release|Any CPU
		{7ADF6A63-7DCC-442E-A8D0-D1443DD4A2D6}.Release|x86.ActiveCfg = Release|Any CPU
		{7ADF6A63-7DCC-442E-A8D0-D1443DD4A2D6}.Release|Xna.ActiveCfg = Release|Any CPU
		{F1B6345B-6F28-482F-9230-8F1D8674C28A}.Debug|Any CPU.ActiveCfg = Debug|Any CPU
		{F1B6345B-6F28-482F-9230-8F1D8674C28A}.Debug|Any CPU.Build.0 = Debug|Any CPU
		{F1B6345B-6F28-482F-9230-8F1D8674C28A}.Debug|DirectX.ActiveCfg = Debug|Any CPU
		{F1B6345B-6F28-482F-9230-8F1D8674C28A}.Debug|OpenGL.ActiveCfg = Debug|Any CPU
		{F1B6345B-6F28-482F-9230-8F1D8674C28A}.Debug|x86.ActiveCfg = Debug|Any CPU
		{F1B6345B-6F28-482F-9230-8F1D8674C28A}.Debug|Xna.ActiveCfg = Debug|Any CPU
		{F1B6345B-6F28-482F-9230-8F1D8674C28A}.Release|Any CPU.ActiveCfg = Release|Any CPU
		{F1B6345B-6F28-482F-9230-8F1D8674C28A}.Release|Any CPU.Build.0 = Release|Any CPU
		{F1B6345B-6F28-482F-9230-8F1D8674C28A}.Release|DirectX.ActiveCfg = Release|Any CPU
		{F1B6345B-6F28-482F-9230-8F1D8674C28A}.Release|OpenGL.ActiveCfg = Release|Any CPU
		{F1B6345B-6F28-482F-9230-8F1D8674C28A}.Release|x86.ActiveCfg = Release|Any CPU
		{F1B6345B-6F28-482F-9230-8F1D8674C28A}.Release|Xna.ActiveCfg = Release|Any CPU
		{971708DB-8D7B-4E44-A3FD-EC8372DD502F}.Debug|Any CPU.ActiveCfg = Debug|Any CPU
		{971708DB-8D7B-4E44-A3FD-EC8372DD502F}.Debug|Any CPU.Build.0 = Debug|Any CPU
		{971708DB-8D7B-4E44-A3FD-EC8372DD502F}.Debug|DirectX.ActiveCfg = Debug|Any CPU
		{971708DB-8D7B-4E44-A3FD-EC8372DD502F}.Debug|OpenGL.ActiveCfg = Debug|Any CPU
		{971708DB-8D7B-4E44-A3FD-EC8372DD502F}.Debug|x86.ActiveCfg = Debug|Any CPU
		{971708DB-8D7B-4E44-A3FD-EC8372DD502F}.Debug|Xna.ActiveCfg = Debug|Any CPU
		{971708DB-8D7B-4E44-A3FD-EC8372DD502F}.Release|Any CPU.ActiveCfg = Release|Any CPU
		{971708DB-8D7B-4E44-A3FD-EC8372DD502F}.Release|Any CPU.Build.0 = Release|Any CPU
		{971708DB-8D7B-4E44-A3FD-EC8372DD502F}.Release|DirectX.ActiveCfg = Release|Any CPU
		{971708DB-8D7B-4E44-A3FD-EC8372DD502F}.Release|OpenGL.ActiveCfg = Release|Any CPU
		{971708DB-8D7B-4E44-A3FD-EC8372DD502F}.Release|x86.ActiveCfg = Release|Any CPU
		{971708DB-8D7B-4E44-A3FD-EC8372DD502F}.Release|Xna.ActiveCfg = Release|Any CPU
		{68AA6280-09EF-4325-B5F8-B8A967004144}.Debug|Any CPU.ActiveCfg = Debug|Any CPU
		{68AA6280-09EF-4325-B5F8-B8A967004144}.Debug|Any CPU.Build.0 = Debug|Any CPU
		{68AA6280-09EF-4325-B5F8-B8A967004144}.Debug|DirectX.ActiveCfg = Debug|Any CPU
		{68AA6280-09EF-4325-B5F8-B8A967004144}.Debug|OpenGL.ActiveCfg = Debug|Any CPU
		{68AA6280-09EF-4325-B5F8-B8A967004144}.Debug|x86.ActiveCfg = Debug|Any CPU
		{68AA6280-09EF-4325-B5F8-B8A967004144}.Debug|Xna.ActiveCfg = Debug|Any CPU
		{68AA6280-09EF-4325-B5F8-B8A967004144}.Release|Any CPU.ActiveCfg = Release|Any CPU
		{68AA6280-09EF-4325-B5F8-B8A967004144}.Release|Any CPU.Build.0 = Release|Any CPU
		{68AA6280-09EF-4325-B5F8-B8A967004144}.Release|DirectX.ActiveCfg = Release|Any CPU
		{68AA6280-09EF-4325-B5F8-B8A967004144}.Release|OpenGL.ActiveCfg = Release|Any CPU
		{68AA6280-09EF-4325-B5F8-B8A967004144}.Release|x86.ActiveCfg = Release|Any CPU
		{68AA6280-09EF-4325-B5F8-B8A967004144}.Release|Xna.ActiveCfg = Release|Any CPU
		{CC714F92-36AA-44E1-AA01-495D9A6588D2}.Debug|Any CPU.ActiveCfg = Debug|Any CPU
		{CC714F92-36AA-44E1-AA01-495D9A6588D2}.Debug|Any CPU.Build.0 = Debug|Any CPU
		{CC714F92-36AA-44E1-AA01-495D9A6588D2}.Debug|DirectX.ActiveCfg = Debug|Any CPU
		{CC714F92-36AA-44E1-AA01-495D9A6588D2}.Debug|OpenGL.ActiveCfg = Debug|Any CPU
		{CC714F92-36AA-44E1-AA01-495D9A6588D2}.Debug|x86.ActiveCfg = Debug|Any CPU
		{CC714F92-36AA-44E1-AA01-495D9A6588D2}.Debug|Xna.ActiveCfg = Debug|Any CPU
		{CC714F92-36AA-44E1-AA01-495D9A6588D2}.Release|Any CPU.ActiveCfg = Release|Any CPU
		{CC714F92-36AA-44E1-AA01-495D9A6588D2}.Release|Any CPU.Build.0 = Release|Any CPU
		{CC714F92-36AA-44E1-AA01-495D9A6588D2}.Release|DirectX.ActiveCfg = Release|Any CPU
		{CC714F92-36AA-44E1-AA01-495D9A6588D2}.Release|OpenGL.ActiveCfg = Release|Any CPU
		{CC714F92-36AA-44E1-AA01-495D9A6588D2}.Release|x86.ActiveCfg = Release|Any CPU
		{CC714F92-36AA-44E1-AA01-495D9A6588D2}.Release|Xna.ActiveCfg = Release|Any CPU
		{27487228-2ADB-447B-95D3-6F6053999281}.Debug|Any CPU.ActiveCfg = Debug|Any CPU
		{27487228-2ADB-447B-95D3-6F6053999281}.Debug|Any CPU.Build.0 = Debug|Any CPU
		{27487228-2ADB-447B-95D3-6F6053999281}.Debug|DirectX.ActiveCfg = Debug|Any CPU
		{27487228-2ADB-447B-95D3-6F6053999281}.Debug|OpenGL.ActiveCfg = Debug|Any CPU
		{27487228-2ADB-447B-95D3-6F6053999281}.Debug|x86.ActiveCfg = Debug|Any CPU
		{27487228-2ADB-447B-95D3-6F6053999281}.Debug|Xna.ActiveCfg = Debug|Any CPU
		{27487228-2ADB-447B-95D3-6F6053999281}.Release|Any CPU.ActiveCfg = Release|Any CPU
		{27487228-2ADB-447B-95D3-6F6053999281}.Release|Any CPU.Build.0 = Release|Any CPU
		{27487228-2ADB-447B-95D3-6F6053999281}.Release|DirectX.ActiveCfg = Release|Any CPU
		{27487228-2ADB-447B-95D3-6F6053999281}.Release|OpenGL.ActiveCfg = Release|Any CPU
		{27487228-2ADB-447B-95D3-6F6053999281}.Release|x86.ActiveCfg = Release|Any CPU
		{27487228-2ADB-447B-95D3-6F6053999281}.Release|Xna.ActiveCfg = Release|Any CPU
		{3B3B8BE3-A213-4383-BA7B-1AFE5F779108}.Debug|Any CPU.ActiveCfg = Debug|Any CPU
		{3B3B8BE3-A213-4383-BA7B-1AFE5F779108}.Debug|Any CPU.Build.0 = Debug|Any CPU
		{3B3B8BE3-A213-4383-BA7B-1AFE5F779108}.Debug|DirectX.ActiveCfg = Debug|Any CPU
		{3B3B8BE3-A213-4383-BA7B-1AFE5F779108}.Debug|OpenGL.ActiveCfg = Debug|Any CPU
		{3B3B8BE3-A213-4383-BA7B-1AFE5F779108}.Debug|x86.ActiveCfg = Debug|Any CPU
		{3B3B8BE3-A213-4383-BA7B-1AFE5F779108}.Debug|Xna.ActiveCfg = Debug|Any CPU
		{3B3B8BE3-A213-4383-BA7B-1AFE5F779108}.Release|Any CPU.ActiveCfg = Release|Any CPU
		{3B3B8BE3-A213-4383-BA7B-1AFE5F779108}.Release|Any CPU.Build.0 = Release|Any CPU
		{3B3B8BE3-A213-4383-BA7B-1AFE5F779108}.Release|DirectX.ActiveCfg = Release|Any CPU
		{3B3B8BE3-A213-4383-BA7B-1AFE5F779108}.Release|OpenGL.ActiveCfg = Release|Any CPU
		{3B3B8BE3-A213-4383-BA7B-1AFE5F779108}.Release|x86.ActiveCfg = Release|Any CPU
		{3B3B8BE3-A213-4383-BA7B-1AFE5F779108}.Release|Xna.ActiveCfg = Release|Any CPU
		{DC3AA434-09B9-43AD-8F43-431811FA054D}.Debug|Any CPU.ActiveCfg = Debug|Any CPU
		{DC3AA434-09B9-43AD-8F43-431811FA054D}.Debug|Any CPU.Build.0 = Debug|Any CPU
		{DC3AA434-09B9-43AD-8F43-431811FA054D}.Debug|DirectX.ActiveCfg = Debug|Any CPU
		{DC3AA434-09B9-43AD-8F43-431811FA054D}.Debug|OpenGL.ActiveCfg = Debug|Any CPU
		{DC3AA434-09B9-43AD-8F43-431811FA054D}.Debug|x86.ActiveCfg = Debug|Any CPU
		{DC3AA434-09B9-43AD-8F43-431811FA054D}.Debug|Xna.ActiveCfg = Debug|Any CPU
		{DC3AA434-09B9-43AD-8F43-431811FA054D}.Release|Any CPU.ActiveCfg = Release|Any CPU
		{DC3AA434-09B9-43AD-8F43-431811FA054D}.Release|Any CPU.Build.0 = Release|Any CPU
		{DC3AA434-09B9-43AD-8F43-431811FA054D}.Release|DirectX.ActiveCfg = Release|Any CPU
		{DC3AA434-09B9-43AD-8F43-431811FA054D}.Release|OpenGL.ActiveCfg = Release|Any CPU
		{DC3AA434-09B9-43AD-8F43-431811FA054D}.Release|x86.ActiveCfg = Release|Any CPU
		{DC3AA434-09B9-43AD-8F43-431811FA054D}.Release|Xna.ActiveCfg = Release|Any CPU
		{C983D137-8B7F-47BE-996E-894A3596DD06}.Debug|Any CPU.ActiveCfg = Debug|Any CPU
		{C983D137-8B7F-47BE-996E-894A3596DD06}.Debug|Any CPU.Build.0 = Debug|Any CPU
		{C983D137-8B7F-47BE-996E-894A3596DD06}.Debug|DirectX.ActiveCfg = Debug|Any CPU
		{C983D137-8B7F-47BE-996E-894A3596DD06}.Debug|OpenGL.ActiveCfg = Debug|Any CPU
		{C983D137-8B7F-47BE-996E-894A3596DD06}.Debug|x86.ActiveCfg = Debug|Any CPU
		{C983D137-8B7F-47BE-996E-894A3596DD06}.Debug|Xna.ActiveCfg = Debug|Any CPU
		{C983D137-8B7F-47BE-996E-894A3596DD06}.Release|Any CPU.ActiveCfg = Release|Any CPU
		{C983D137-8B7F-47BE-996E-894A3596DD06}.Release|Any CPU.Build.0 = Release|Any CPU
		{C983D137-8B7F-47BE-996E-894A3596DD06}.Release|DirectX.ActiveCfg = Release|Any CPU
		{C983D137-8B7F-47BE-996E-894A3596DD06}.Release|OpenGL.ActiveCfg = Release|Any CPU
		{C983D137-8B7F-47BE-996E-894A3596DD06}.Release|x86.ActiveCfg = Release|Any CPU
		{C983D137-8B7F-47BE-996E-894A3596DD06}.Release|Xna.ActiveCfg = Release|Any CPU
		{7DF79C3C-85F2-4068-97D8-B25C9173CD14}.Debug|Any CPU.ActiveCfg = Debug|Any CPU
		{7DF79C3C-85F2-4068-97D8-B25C9173CD14}.Debug|Any CPU.Build.0 = Debug|Any CPU
		{7DF79C3C-85F2-4068-97D8-B25C9173CD14}.Debug|DirectX.ActiveCfg = Debug|Any CPU
		{7DF79C3C-85F2-4068-97D8-B25C9173CD14}.Debug|OpenGL.ActiveCfg = Debug|Any CPU
		{7DF79C3C-85F2-4068-97D8-B25C9173CD14}.Debug|x86.ActiveCfg = Debug|Any CPU
		{7DF79C3C-85F2-4068-97D8-B25C9173CD14}.Debug|Xna.ActiveCfg = Debug|Any CPU
		{7DF79C3C-85F2-4068-97D8-B25C9173CD14}.Release|Any CPU.ActiveCfg = Release|Any CPU
		{7DF79C3C-85F2-4068-97D8-B25C9173CD14}.Release|Any CPU.Build.0 = Release|Any CPU
		{7DF79C3C-85F2-4068-97D8-B25C9173CD14}.Release|DirectX.ActiveCfg = Release|Any CPU
		{7DF79C3C-85F2-4068-97D8-B25C9173CD14}.Release|OpenGL.ActiveCfg = Release|Any CPU
		{7DF79C3C-85F2-4068-97D8-B25C9173CD14}.Release|x86.ActiveCfg = Release|Any CPU
		{7DF79C3C-85F2-4068-97D8-B25C9173CD14}.Release|Xna.ActiveCfg = Release|Any CPU
		{732E8F5E-0633-40FE-9AD3-FFE4E9971696}.Debug|Any CPU.ActiveCfg = Debug|Any CPU
		{732E8F5E-0633-40FE-9AD3-FFE4E9971696}.Debug|Any CPU.Build.0 = Debug|Any CPU
		{732E8F5E-0633-40FE-9AD3-FFE4E9971696}.Debug|DirectX.ActiveCfg = Debug|Any CPU
		{732E8F5E-0633-40FE-9AD3-FFE4E9971696}.Debug|OpenGL.ActiveCfg = Debug|Any CPU
		{732E8F5E-0633-40FE-9AD3-FFE4E9971696}.Debug|x86.ActiveCfg = Debug|Any CPU
		{732E8F5E-0633-40FE-9AD3-FFE4E9971696}.Debug|Xna.ActiveCfg = Debug|Any CPU
		{732E8F5E-0633-40FE-9AD3-FFE4E9971696}.Release|Any CPU.ActiveCfg = Release|Any CPU
		{732E8F5E-0633-40FE-9AD3-FFE4E9971696}.Release|Any CPU.Build.0 = Release|Any CPU
		{732E8F5E-0633-40FE-9AD3-FFE4E9971696}.Release|DirectX.ActiveCfg = Release|Any CPU
		{732E8F5E-0633-40FE-9AD3-FFE4E9971696}.Release|OpenGL.ActiveCfg = Release|Any CPU
		{732E8F5E-0633-40FE-9AD3-FFE4E9971696}.Release|x86.ActiveCfg = Release|Any CPU
		{732E8F5E-0633-40FE-9AD3-FFE4E9971696}.Release|Xna.ActiveCfg = Release|Any CPU
	EndGlobalSection
	GlobalSection(SolutionProperties) = preSolution
		HideSolutionNode = FALSE
	EndGlobalSection
	GlobalSection(NestedProjects) = preSolution
		{8F701B0D-48B6-45CF-85E0-286BD53328BA} = {7F0A5478-2290-4052-82A4-819339D9E873}
		{B7E2C5AF-3EE2-4820-B2AE-62BC8D0FB7AC} = {7F0A5478-2290-4052-82A4-819339D9E873}
		{CC533B9B-FC08-411A-B02D-9BB0E2DD90EC} = {7F0A5478-2290-4052-82A4-819339D9E873}
		{9066595C-9E66-4631-A53A-28C2D22CFE53} = {7F0A5478-2290-4052-82A4-819339D9E873}
		{EB455ABA-14F1-4145-86C1-0CA2BBCF157F} = {7F0A5478-2290-4052-82A4-819339D9E873}
		{82B25FA6-7215-4FE3-8F8C-94DFC5F9BDB8} = {7F0A5478-2290-4052-82A4-819339D9E873}
		{BAE8830E-5F62-48D6-B772-C4B1E8665FB3} = {A4442410-EF9F-43E5-AD76-5D5A6183C805}
		{D0AAD622-ED82-40E5-88A9-980EAFC12C16} = {A4442410-EF9F-43E5-AD76-5D5A6183C805}
		{CC943AE0-A1CC-4788-AC9B-01DB3A0EBCD6} = {A4442410-EF9F-43E5-AD76-5D5A6183C805}
		{07E9D341-4B22-48FE-B921-5D18D3AB2C49} = {A4442410-EF9F-43E5-AD76-5D5A6183C805}
		{05569371-855C-4667-8228-20491337C431} = {A4442410-EF9F-43E5-AD76-5D5A6183C805}
		{BD8A80E2-A313-437E-B0EF-FC0B066280A7} = {A4442410-EF9F-43E5-AD76-5D5A6183C805}
		{C12EBE75-67B5-4257-8A6E-C844601746E8} = {A4442410-EF9F-43E5-AD76-5D5A6183C805}
		{CC714F92-36AA-44E1-AA01-495D9A6588D2} = {A4442410-EF9F-43E5-AD76-5D5A6183C805}
		{460983FF-AA91-4E10-B70E-10D0BDA15A58} = {DC7863D8-3454-4E76-BCF0-04123C7C6378}
		{E41AA830-DAED-4206-8AF6-ECEB1BBD66FE} = {DC7863D8-3454-4E76-BCF0-04123C7C6378}
		{8ED0A7F1-77FB-47E7-AB6C-59C711BA3A9A} = {F3B040A0-B40A-4A24-B06D-04E8849E0EC0}
		{A8D386EA-D376-46EA-A721-2BA51426A721} = {F3B040A0-B40A-4A24-B06D-04E8849E0EC0}
		{138A40B5-3D80-4BA3-BD84-D82C151EE7FE} = {F3B040A0-B40A-4A24-B06D-04E8849E0EC0}
		{B528E84A-12F3-4981-B749-B3FE19937345} = {F3B040A0-B40A-4A24-B06D-04E8849E0EC0}
		{BDDB4AA4-5D31-43B3-9A3B-BF3030EDE927} = {522A44BD-D0DA-4659-83B8-E9A47990D80D}
		{D24FD291-F379-4AA1-9C0E-D664EBBECBC9} = {522A44BD-D0DA-4659-83B8-E9A47990D80D}
		{CC65E69E-FAFD-4C2B-85EB-5E57FD3AF847} = {E8E89906-EEF8-4767-9C53-1C5B3E40AE2E}
		{92242E5E-5077-48B8-8D8B-AE7108C46FF9} = {E8E89906-EEF8-4767-9C53-1C5B3E40AE2E}
		{C0D2430E-714D-476C-80E7-5C80A7FA68EE} = {E8E89906-EEF8-4767-9C53-1C5B3E40AE2E}
		{9F4E86DD-9FDD-4C6B-8B28-19ED35C1D768} = {E8E89906-EEF8-4767-9C53-1C5B3E40AE2E}
		{5D28C1B5-43AD-4E69-840D-B068C3844589} = {E8E89906-EEF8-4767-9C53-1C5B3E40AE2E}
		{1CF6EC3F-26C6-45E8-A3D1-8804C298BBCD} = {E8E89906-EEF8-4767-9C53-1C5B3E40AE2E}
		{B81DEDE2-E786-437E-A3AF-82AEBE0D6D25} = {E8E89906-EEF8-4767-9C53-1C5B3E40AE2E}
		{C3675561-87CA-4BE1-BAD0-852308ADD851} = {E8E89906-EEF8-4767-9C53-1C5B3E40AE2E}
		{6016ABB8-05F5-4A07-8FBA-16576277DDE7} = {5C35E17F-C8B5-42E2-AFDB-115F251E96F7}
		{D0C8456F-A4AC-4B6E-92AB-F71B0D19B01C} = {5C35E17F-C8B5-42E2-AFDB-115F251E96F7}
		{70773E53-5D8E-4218-8AFA-0A07E48FD4A2} = {5C35E17F-C8B5-42E2-AFDB-115F251E96F7}
		{7D6C8627-CF35-4E3F-A3FE-1600327437C7} = {5C35E17F-C8B5-42E2-AFDB-115F251E96F7}
		{32665D04-5A07-4F99-9E20-0639CD1C1D6D} = {5C35E17F-C8B5-42E2-AFDB-115F251E96F7}
		{27487228-2ADB-447B-95D3-6F6053999281} = {5C35E17F-C8B5-42E2-AFDB-115F251E96F7}
		{7C7FA004-D9FB-4B55-9E88-6FB8716B7A1F} = {35D4ACC8-B908-4032-8B79-C19F62F601F0}
		{9E085AB9-B4DE-4815-BD90-D975C75DFE94} = {35D4ACC8-B908-4032-8B79-C19F62F601F0}
		{DBA0B46A-C6C3-4BA7-A0D1-10F07ACF6259} = {35D4ACC8-B908-4032-8B79-C19F62F601F0}
		{5231706E-2955-43BF-9C06-291E12AF5C5C} = {35D4ACC8-B908-4032-8B79-C19F62F601F0}
		{E4440567-3D5D-4670-AB49-8163B18E302E} = {3F2D0366-A730-4E6D-9554-B6828692ED3B}
		{981FA2AC-78DC-4597-A2B3-63AE8502FDB2} = {3F2D0366-A730-4E6D-9554-B6828692ED3B}
		{03C2EB6A-826D-4D24-BE10-244B20CCD1D8} = {3F2D0366-A730-4E6D-9554-B6828692ED3B}
		{8FC2D043-C46F-4835-880E-6190140F0D43} = {3F2D0366-A730-4E6D-9554-B6828692ED3B}
		{75BB4C75-DE36-47B3-9910-10EA8E8973B7} = {80E5EB40-4CC6-4E31-9A93-02477509B8ED}
		{E9A37628-13C4-467D-A802-D517A89920C3} = {80E5EB40-4CC6-4E31-9A93-02477509B8ED}
		{C6BA144D-59B0-41B1-8682-B092B4EFBBB1} = {30A1873C-7103-43A2-AB0C-BB23BB4C2B08}
		{7ADF6A63-7DCC-442E-A8D0-D1443DD4A2D6} = {30A1873C-7103-43A2-AB0C-BB23BB4C2B08}
		{F1B6345B-6F28-482F-9230-8F1D8674C28A} = {B6E5FA2C-FFA5-4497-9CAF-773139821781}
		{971708DB-8D7B-4E44-A3FD-EC8372DD502F} = {B6E5FA2C-FFA5-4497-9CAF-773139821781}
		{68AA6280-09EF-4325-B5F8-B8A967004144} = {B6E5FA2C-FFA5-4497-9CAF-773139821781}
		{3B3B8BE3-A213-4383-BA7B-1AFE5F779108} = {B6E5FA2C-FFA5-4497-9CAF-773139821781}
		{DC3AA434-09B9-43AD-8F43-431811FA054D} = {0D56DCE3-AC34-42F7-8CF2-22F725A0D5E2}
		{C983D137-8B7F-47BE-996E-894A3596DD06} = {0D56DCE3-AC34-42F7-8CF2-22F725A0D5E2}
		{7DF79C3C-85F2-4068-97D8-B25C9173CD14} = {0D56DCE3-AC34-42F7-8CF2-22F725A0D5E2}
		{732E8F5E-0633-40FE-9AD3-FFE4E9971696} = {0D56DCE3-AC34-42F7-8CF2-22F725A0D5E2}
	EndGlobalSection
	GlobalSection(NDepend) = preSolution
		Project = ".\DeltaEngine1.ndproj"
	EndGlobalSection
EndGlobal
