
Microsoft Visual Studio Solution File, Format Version 12.00
# Visual Studio 2012
Project("{FAE04EC0-301F-11D3-BF4B-00C04F79EFBC}") = "Breakout", "Breakout.csproj", "{C9EFF5F8-501C-4ADE-B7C1-20D6991EB10F}"
EndProject
Project("{FAE04EC0-301F-11D3-BF4B-00C04F79EFBC}") = "DeltaEngine.Datatypes", "..\..\Datatypes\DeltaEngine.Datatypes.csproj", "{460983FF-AA91-4E10-B70E-10D0BDA15A58}"
EndProject
Project("{FAE04EC0-301F-11D3-BF4B-00C04F79EFBC}") = "DeltaEngine.Core", "..\..\Core\DeltaEngine.Core.csproj", "{A8D386EA-D376-46EA-A721-2BA51426A721}"
EndProject
Project("{2150E333-8FDC-42A3-9474-1A3956D46DE8}") = ".nuget", ".nuget", "{8182382C-8247-42B2-9549-91DAC4C5D043}"
	ProjectSection(SolutionItems) = preProject
		.nuget\NuGet.Config = .nuget\NuGet.Config
		.nuget\NuGet.exe = .nuget\NuGet.exe
		.nuget\NuGet.targets = .nuget\NuGet.targets
	EndProjectSection
EndProject
Project("{FAE04EC0-301F-11D3-BF4B-00C04F79EFBC}") = "DeltaEngine.Platforms", "..\..\Platforms\DeltaEngine.Platforms.csproj", "{BAE8830E-5F62-48D6-B772-C4B1E8665FB3}"
EndProject
Project("{FAE04EC0-301F-11D3-BF4B-00C04F79EFBC}") = "DeltaEngine.Rendering", "..\..\Rendering\DeltaEngine.Rendering.csproj", "{BDDB4AA4-5D31-43B3-9A3B-BF3030EDE927}"
EndProject
Project("{FAE04EC0-301F-11D3-BF4B-00C04F79EFBC}") = "DeltaEngine.Graphics", "..\..\Graphics\DeltaEngine.Graphics.csproj", "{8F701B0D-48B6-45CF-85E0-286BD53328BA}"
EndProject
Project("{FAE04EC0-301F-11D3-BF4B-00C04F79EFBC}") = "DeltaEngine.Platforms.Windows", "..\..\Platforms\Windows\DeltaEngine.Platforms.Windows.csproj", "{BD8A80E2-A313-437E-B0EF-FC0B066280A7}"
EndProject
Project("{FAE04EC0-301F-11D3-BF4B-00C04F79EFBC}") = "DeltaEngine.WindowsDirectX", "..\..\Platforms\WindowsDirectX\DeltaEngine.WindowsDirectX.csproj", "{05569371-855C-4667-8228-20491337C431}"
EndProject
Project("{FAE04EC0-301F-11D3-BF4B-00C04F79EFBC}") = "DeltaEngine.Graphics.SharpDX", "..\..\Graphics\SharpDX\DeltaEngine.Graphics.SharpDX.csproj", "{9066595C-9E66-4631-A53A-28C2D22CFE53}"
EndProject
Project("{FAE04EC0-301F-11D3-BF4B-00C04F79EFBC}") = "DeltaEngine.Input", "..\..\Input\DeltaEngine.Input.csproj", "{CC65E69E-FAFD-4C2B-85EB-5E57FD3AF847}"
EndProject
Project("{FAE04EC0-301F-11D3-BF4B-00C04F79EFBC}") = "DeltaEngine.Input.SharpDX", "..\..\Input\SharpDX\DeltaEngine.Input.SharpDX.csproj", "{9F4E86DD-9FDD-4C6B-8B28-19ED35C1D768}"
EndProject
Project("{FAE04EC0-301F-11D3-BF4B-00C04F79EFBC}") = "DeltaEngine.Input.Windows", "..\..\Input\Windows\DeltaEngine.Input.Windows.csproj", "{C0D2430E-714D-476C-80E7-5C80A7FA68EE}"
EndProject
Project("{FAE04EC0-301F-11D3-BF4B-00C04F79EFBC}") = "DeltaEngine.Multimedia", "..\..\Multimedia\DeltaEngine.Multimedia.csproj", "{6016ABB8-05F5-4A07-8FBA-16576277DDE7}"
EndProject
Project("{FAE04EC0-301F-11D3-BF4B-00C04F79EFBC}") = "DeltaEngine.Multimedia.SharpDX", "..\..\Multimedia\SharpDX\DeltaEngine.Multimedia.SharpDX.csproj", "{7D6C8627-CF35-4E3F-A3FE-1600327437C7}"
EndProject
Global
	GlobalSection(SolutionConfigurationPlatforms) = preSolution
		Debug|Any CPU = Debug|Any CPU
		Release|Any CPU = Release|Any CPU
	EndGlobalSection
	GlobalSection(ProjectConfigurationPlatforms) = postSolution
		{C9EFF5F8-501C-4ADE-B7C1-20D6991EB10F}.Debug|Any CPU.ActiveCfg = Debug|Any CPU
		{C9EFF5F8-501C-4ADE-B7C1-20D6991EB10F}.Debug|Any CPU.Build.0 = Debug|Any CPU
		{C9EFF5F8-501C-4ADE-B7C1-20D6991EB10F}.Release|Any CPU.ActiveCfg = Release|Any CPU
		{C9EFF5F8-501C-4ADE-B7C1-20D6991EB10F}.Release|Any CPU.Build.0 = Release|Any CPU
		{460983FF-AA91-4E10-B70E-10D0BDA15A58}.Debug|Any CPU.ActiveCfg = Debug|Any CPU
		{460983FF-AA91-4E10-B70E-10D0BDA15A58}.Debug|Any CPU.Build.0 = Debug|Any CPU
		{460983FF-AA91-4E10-B70E-10D0BDA15A58}.Release|Any CPU.ActiveCfg = Release|Any CPU
		{460983FF-AA91-4E10-B70E-10D0BDA15A58}.Release|Any CPU.Build.0 = Release|Any CPU
		{A8D386EA-D376-46EA-A721-2BA51426A721}.Debug|Any CPU.ActiveCfg = Debug|Any CPU
		{A8D386EA-D376-46EA-A721-2BA51426A721}.Debug|Any CPU.Build.0 = Debug|Any CPU
		{A8D386EA-D376-46EA-A721-2BA51426A721}.Release|Any CPU.ActiveCfg = Release|Any CPU
		{A8D386EA-D376-46EA-A721-2BA51426A721}.Release|Any CPU.Build.0 = Release|Any CPU
		{BAE8830E-5F62-48D6-B772-C4B1E8665FB3}.Debug|Any CPU.ActiveCfg = Debug|Any CPU
		{BAE8830E-5F62-48D6-B772-C4B1E8665FB3}.Debug|Any CPU.Build.0 = Debug|Any CPU
		{BAE8830E-5F62-48D6-B772-C4B1E8665FB3}.Release|Any CPU.ActiveCfg = Release|Any CPU
		{BAE8830E-5F62-48D6-B772-C4B1E8665FB3}.Release|Any CPU.Build.0 = Release|Any CPU
		{BDDB4AA4-5D31-43B3-9A3B-BF3030EDE927}.Debug|Any CPU.ActiveCfg = Debug|Any CPU
		{BDDB4AA4-5D31-43B3-9A3B-BF3030EDE927}.Debug|Any CPU.Build.0 = Debug|Any CPU
		{BDDB4AA4-5D31-43B3-9A3B-BF3030EDE927}.Release|Any CPU.ActiveCfg = Release|Any CPU
		{BDDB4AA4-5D31-43B3-9A3B-BF3030EDE927}.Release|Any CPU.Build.0 = Release|Any CPU
		{8F701B0D-48B6-45CF-85E0-286BD53328BA}.Debug|Any CPU.ActiveCfg = Debug|Any CPU
		{8F701B0D-48B6-45CF-85E0-286BD53328BA}.Debug|Any CPU.Build.0 = Debug|Any CPU
		{8F701B0D-48B6-45CF-85E0-286BD53328BA}.Release|Any CPU.ActiveCfg = Release|Any CPU
		{8F701B0D-48B6-45CF-85E0-286BD53328BA}.Release|Any CPU.Build.0 = Release|Any CPU
		{BD8A80E2-A313-437E-B0EF-FC0B066280A7}.Debug|Any CPU.ActiveCfg = Debug|Any CPU
		{BD8A80E2-A313-437E-B0EF-FC0B066280A7}.Debug|Any CPU.Build.0 = Debug|Any CPU
		{BD8A80E2-A313-437E-B0EF-FC0B066280A7}.Release|Any CPU.ActiveCfg = Release|Any CPU
		{BD8A80E2-A313-437E-B0EF-FC0B066280A7}.Release|Any CPU.Build.0 = Release|Any CPU
		{05569371-855C-4667-8228-20491337C431}.Debug|Any CPU.ActiveCfg = Debug|Any CPU
		{05569371-855C-4667-8228-20491337C431}.Debug|Any CPU.Build.0 = Debug|Any CPU
		{05569371-855C-4667-8228-20491337C431}.Release|Any CPU.ActiveCfg = Release|Any CPU
		{05569371-855C-4667-8228-20491337C431}.Release|Any CPU.Build.0 = Release|Any CPU
		{9066595C-9E66-4631-A53A-28C2D22CFE53}.Debug|Any CPU.ActiveCfg = Debug|Any CPU
		{9066595C-9E66-4631-A53A-28C2D22CFE53}.Debug|Any CPU.Build.0 = Debug|Any CPU
		{9066595C-9E66-4631-A53A-28C2D22CFE53}.Release|Any CPU.ActiveCfg = Release|Any CPU
		{9066595C-9E66-4631-A53A-28C2D22CFE53}.Release|Any CPU.Build.0 = Release|Any CPU
		{CC65E69E-FAFD-4C2B-85EB-5E57FD3AF847}.Debug|Any CPU.ActiveCfg = Debug|Any CPU
		{CC65E69E-FAFD-4C2B-85EB-5E57FD3AF847}.Debug|Any CPU.Build.0 = Debug|Any CPU
		{CC65E69E-FAFD-4C2B-85EB-5E57FD3AF847}.Release|Any CPU.ActiveCfg = Release|Any CPU
		{CC65E69E-FAFD-4C2B-85EB-5E57FD3AF847}.Release|Any CPU.Build.0 = Release|Any CPU
		{9F4E86DD-9FDD-4C6B-8B28-19ED35C1D768}.Debug|Any CPU.ActiveCfg = Debug|Any CPU
		{9F4E86DD-9FDD-4C6B-8B28-19ED35C1D768}.Debug|Any CPU.Build.0 = Debug|Any CPU
		{9F4E86DD-9FDD-4C6B-8B28-19ED35C1D768}.Release|Any CPU.ActiveCfg = Release|Any CPU
		{9F4E86DD-9FDD-4C6B-8B28-19ED35C1D768}.Release|Any CPU.Build.0 = Release|Any CPU
		{C0D2430E-714D-476C-80E7-5C80A7FA68EE}.Debug|Any CPU.ActiveCfg = Debug|Any CPU
		{C0D2430E-714D-476C-80E7-5C80A7FA68EE}.Debug|Any CPU.Build.0 = Debug|Any CPU
		{C0D2430E-714D-476C-80E7-5C80A7FA68EE}.Release|Any CPU.ActiveCfg = Release|Any CPU
		{C0D2430E-714D-476C-80E7-5C80A7FA68EE}.Release|Any CPU.Build.0 = Release|Any CPU
		{6016ABB8-05F5-4A07-8FBA-16576277DDE7}.Debug|Any CPU.ActiveCfg = Debug|Any CPU
		{6016ABB8-05F5-4A07-8FBA-16576277DDE7}.Debug|Any CPU.Build.0 = Debug|Any CPU
		{6016ABB8-05F5-4A07-8FBA-16576277DDE7}.Release|Any CPU.ActiveCfg = Release|Any CPU
		{6016ABB8-05F5-4A07-8FBA-16576277DDE7}.Release|Any CPU.Build.0 = Release|Any CPU
		{7D6C8627-CF35-4E3F-A3FE-1600327437C7}.Debug|Any CPU.ActiveCfg = Debug|Any CPU
		{7D6C8627-CF35-4E3F-A3FE-1600327437C7}.Debug|Any CPU.Build.0 = Debug|Any CPU
		{7D6C8627-CF35-4E3F-A3FE-1600327437C7}.Release|Any CPU.ActiveCfg = Release|Any CPU
		{7D6C8627-CF35-4E3F-A3FE-1600327437C7}.Release|Any CPU.Build.0 = Release|Any CPU
	EndGlobalSection
	GlobalSection(SolutionProperties) = preSolution
		HideSolutionNode = FALSE
	EndGlobalSection
EndGlobal
